// !$*UTF8*$!
{
	archiveVersion = 1;
	classes = {
	};
	objectVersion = 56;
	objects = {

/* Begin PBXBuildFile section */
		202D55962AD3545000D2C312 /* AppDelegate.swift in Sources */ = {isa = PBXBuildFile; fileRef = 202D55952AD3545000D2C312 /* AppDelegate.swift */; };
		202D55982AD3545000D2C312 /* SceneDelegate.swift in Sources */ = {isa = PBXBuildFile; fileRef = 202D55972AD3545000D2C312 /* SceneDelegate.swift */; };
		202D559A2AD3545000D2C312 /* HomeViewController.swift in Sources */ = {isa = PBXBuildFile; fileRef = 202D55992AD3545000D2C312 /* HomeViewController.swift */; };
		202D559F2AD3545200D2C312 /* Assets.xcassets in Resources */ = {isa = PBXBuildFile; fileRef = 202D559E2AD3545200D2C312 /* Assets.xcassets */; };
		202D55A22AD3545200D2C312 /* LaunchScreen.storyboard in Resources */ = {isa = PBXBuildFile; fileRef = 202D55A02AD3545200D2C312 /* LaunchScreen.storyboard */; };
		202D55CA2AD3575900D2C312 /* TabBarController.swift in Sources */ = {isa = PBXBuildFile; fileRef = 202D55C92AD3575900D2C312 /* TabBarController.swift */; };
		202D55D12AD3589900D2C312 /* SearchViewController.swift in Sources */ = {isa = PBXBuildFile; fileRef = 202D55D02AD3589900D2C312 /* SearchViewController.swift */; };
		202D55D62AD3608100D2C312 /* SDWebImage in Frameworks */ = {isa = PBXBuildFile; productRef = 202D55D52AD3608100D2C312 /* SDWebImage */; };
		207BE7A72AD495C900EDAD11 /* CollectionViewTableViewCell.swift in Sources */ = {isa = PBXBuildFile; fileRef = 207BE7A62AD495C900EDAD11 /* CollectionViewTableViewCell.swift */; };
		207BE7AA2AD496CA00EDAD11 /* Title.swift in Sources */ = {isa = PBXBuildFile; fileRef = 207BE7A92AD496CA00EDAD11 /* Title.swift */; };
		207BE7AC2AD4970800EDAD11 /* HeroHeaderUIView.swift in Sources */ = {isa = PBXBuildFile; fileRef = 207BE7AB2AD4970800EDAD11 /* HeroHeaderUIView.swift */; };
		207BE7AE2AD4975000EDAD11 /* TitleCollectionViewCell.swift in Sources */ = {isa = PBXBuildFile; fileRef = 207BE7AD2AD4975000EDAD11 /* TitleCollectionViewCell.swift */; };
		207BE7B12AD497AD00EDAD11 /* TitlePreviewViewController.swift in Sources */ = {isa = PBXBuildFile; fileRef = 207BE7B02AD497AD00EDAD11 /* TitlePreviewViewController.swift */; };
		207BE7B32AD4980800EDAD11 /* TitleViewModel.swift in Sources */ = {isa = PBXBuildFile; fileRef = 207BE7B22AD4980800EDAD11 /* TitleViewModel.swift */; };
		207BE7B52AD4984300EDAD11 /* TitlePreviewViewModel.swift in Sources */ = {isa = PBXBuildFile; fileRef = 207BE7B42AD4984300EDAD11 /* TitlePreviewViewModel.swift */; };
		207BE7B72AD4986C00EDAD11 /* YoutubeSearchResponse.swift in Sources */ = {isa = PBXBuildFile; fileRef = 207BE7B62AD4986C00EDAD11 /* YoutubeSearchResponse.swift */; };
		207BE7BA2AD4994B00EDAD11 /* Extension.swift in Sources */ = {isa = PBXBuildFile; fileRef = 207BE7B92AD4994B00EDAD11 /* Extension.swift */; };
		207BE7BD2AD4999B00EDAD11 /* DataPersistenceManager.swift in Sources */ = {isa = PBXBuildFile; fileRef = 207BE7BC2AD4999B00EDAD11 /* DataPersistenceManager.swift */; };
		207BE7BF2AD49C1000EDAD11 /* TitleTableViewCell.swift in Sources */ = {isa = PBXBuildFile; fileRef = 207BE7BE2AD49C1000EDAD11 /* TitleTableViewCell.swift */; };
		207BE7C12AD49CAC00EDAD11 /* SearchResultsViewController.swift in Sources */ = {isa = PBXBuildFile; fileRef = 207BE7C02AD49CAC00EDAD11 /* SearchResultsViewController.swift */; };
		207BE7E52AD719E400EDAD11 /* MyMoviesViewController.swift in Sources */ = {isa = PBXBuildFile; fileRef = 207BE7E42AD719E400EDAD11 /* MyMoviesViewController.swift */; };
		207BE7E72AD71ED000EDAD11 /* ProfileViewController.swift in Sources */ = {isa = PBXBuildFile; fileRef = 207BE7E62AD71ED000EDAD11 /* ProfileViewController.swift */; };
		207BE7E92AD7331500EDAD11 /* MediaViewController.swift in Sources */ = {isa = PBXBuildFile; fileRef = 207BE7E82AD7331500EDAD11 /* MediaViewController.swift */; };
/* End PBXBuildFile section */

/* Begin PBXFileReference section */
		202D55922AD3545000D2C312 /* KinopoiskCloneAPI.app */ = {isa = PBXFileReference; explicitFileType = wrapper.application; includeInIndex = 0; path = KinopoiskCloneAPI.app; sourceTree = BUILT_PRODUCTS_DIR; };
		202D55952AD3545000D2C312 /* AppDelegate.swift */ = {isa = PBXFileReference; lastKnownFileType = sourcecode.swift; path = AppDelegate.swift; sourceTree = "<group>"; };
		202D55972AD3545000D2C312 /* SceneDelegate.swift */ = {isa = PBXFileReference; lastKnownFileType = sourcecode.swift; path = SceneDelegate.swift; sourceTree = "<group>"; };
		202D55992AD3545000D2C312 /* HomeViewController.swift */ = {isa = PBXFileReference; lastKnownFileType = sourcecode.swift; path = HomeViewController.swift; sourceTree = "<group>"; };
		202D559E2AD3545200D2C312 /* Assets.xcassets */ = {isa = PBXFileReference; lastKnownFileType = folder.assetcatalog; path = Assets.xcassets; sourceTree = "<group>"; };
		202D55A12AD3545200D2C312 /* Base */ = {isa = PBXFileReference; lastKnownFileType = file.storyboard; name = Base; path = Base.lproj/LaunchScreen.storyboard; sourceTree = "<group>"; };
		202D55A32AD3545200D2C312 /* Info.plist */ = {isa = PBXFileReference; lastKnownFileType = text.plist.xml; path = Info.plist; sourceTree = "<group>"; };
		202D55C92AD3575900D2C312 /* TabBarController.swift */ = {isa = PBXFileReference; lastKnownFileType = sourcecode.swift; path = TabBarController.swift; sourceTree = "<group>"; };
		202D55D02AD3589900D2C312 /* SearchViewController.swift */ = {isa = PBXFileReference; lastKnownFileType = sourcecode.swift; path = SearchViewController.swift; sourceTree = "<group>"; };
		207BE7A62AD495C900EDAD11 /* CollectionViewTableViewCell.swift */ = {isa = PBXFileReference; lastKnownFileType = sourcecode.swift; path = CollectionViewTableViewCell.swift; sourceTree = "<group>"; };
		207BE7A92AD496CA00EDAD11 /* Title.swift */ = {isa = PBXFileReference; lastKnownFileType = sourcecode.swift; path = Title.swift; sourceTree = "<group>"; };
		207BE7AB2AD4970800EDAD11 /* HeroHeaderUIView.swift */ = {isa = PBXFileReference; lastKnownFileType = sourcecode.swift; path = HeroHeaderUIView.swift; sourceTree = "<group>"; };
		207BE7AD2AD4975000EDAD11 /* TitleCollectionViewCell.swift */ = {isa = PBXFileReference; lastKnownFileType = sourcecode.swift; path = TitleCollectionViewCell.swift; sourceTree = "<group>"; };
		207BE7B02AD497AD00EDAD11 /* TitlePreviewViewController.swift */ = {isa = PBXFileReference; lastKnownFileType = sourcecode.swift; path = TitlePreviewViewController.swift; sourceTree = "<group>"; };
		207BE7B22AD4980800EDAD11 /* TitleViewModel.swift */ = {isa = PBXFileReference; lastKnownFileType = sourcecode.swift; path = TitleViewModel.swift; sourceTree = "<group>"; };
		207BE7B42AD4984300EDAD11 /* TitlePreviewViewModel.swift */ = {isa = PBXFileReference; lastKnownFileType = sourcecode.swift; path = TitlePreviewViewModel.swift; sourceTree = "<group>"; };
		207BE7B62AD4986C00EDAD11 /* YoutubeSearchResponse.swift */ = {isa = PBXFileReference; lastKnownFileType = sourcecode.swift; path = YoutubeSearchResponse.swift; sourceTree = "<group>"; };
		207BE7B92AD4994B00EDAD11 /* Extension.swift */ = {isa = PBXFileReference; lastKnownFileType = sourcecode.swift; path = Extension.swift; sourceTree = "<group>"; };
		207BE7BC2AD4999B00EDAD11 /* DataPersistenceManager.swift */ = {isa = PBXFileReference; lastKnownFileType = sourcecode.swift; path = DataPersistenceManager.swift; sourceTree = "<group>"; };
		207BE7BE2AD49C1000EDAD11 /* TitleTableViewCell.swift */ = {isa = PBXFileReference; lastKnownFileType = sourcecode.swift; path = TitleTableViewCell.swift; sourceTree = "<group>"; };
		207BE7C02AD49CAC00EDAD11 /* SearchResultsViewController.swift */ = {isa = PBXFileReference; lastKnownFileType = sourcecode.swift; path = SearchResultsViewController.swift; sourceTree = "<group>"; };
		207BE7E42AD719E400EDAD11 /* MyMoviesViewController.swift */ = {isa = PBXFileReference; lastKnownFileType = sourcecode.swift; path = MyMoviesViewController.swift; sourceTree = "<group>"; };
		207BE7E62AD71ED000EDAD11 /* ProfileViewController.swift */ = {isa = PBXFileReference; lastKnownFileType = sourcecode.swift; path = ProfileViewController.swift; sourceTree = "<group>"; };
		207BE7E82AD7331500EDAD11 /* MediaViewController.swift */ = {isa = PBXFileReference; lastKnownFileType = sourcecode.swift; path = MediaViewController.swift; sourceTree = "<group>"; };
/* End PBXFileReference section */

/* Begin PBXFrameworksBuildPhase section */
		202D558F2AD3545000D2C312 /* Frameworks */ = {
			isa = PBXFrameworksBuildPhase;
			buildActionMask = 2147483647;
			files = (
				202D55D62AD3608100D2C312 /* SDWebImage in Frameworks */,
			);
			runOnlyForDeploymentPostprocessing = 0;
		};
/* End PBXFrameworksBuildPhase section */

/* Begin PBXGroup section */
		202D55892AD3545000D2C312 = {
			isa = PBXGroup;
			children = (
				202D55942AD3545000D2C312 /* KinopoiskCloneAPI */,
				202D55932AD3545000D2C312 /* Products */,
			);
			sourceTree = "<group>";
		};
		202D55932AD3545000D2C312 /* Products */ = {
			isa = PBXGroup;
			children = (
				202D55922AD3545000D2C312 /* KinopoiskCloneAPI.app */,
			);
			name = Products;
			sourceTree = "<group>";
		};
		202D55942AD3545000D2C312 /* KinopoiskCloneAPI */ = {
			isa = PBXGroup;
			children = (
				207BE7BB2AD4998F00EDAD11 /* Manager */,
				207BE7B82AD4992F00EDAD11 /* Extension */,
				207BE7A82AD496B400EDAD11 /* Model */,
				207BE7A52AD495A400EDAD11 /* Views */,
				202D55CD2AD357D800D2C312 /* Application */,
				202D55CC2AD357B900D2C312 /* TabBarController */,
				202D55CB2AD3579C00D2C312 /* ViewController */,
				202D559E2AD3545200D2C312 /* Assets.xcassets */,
				202D55A02AD3545200D2C312 /* LaunchScreen.storyboard */,
				202D55A32AD3545200D2C312 /* Info.plist */,
			);
			path = KinopoiskCloneAPI;
			sourceTree = "<group>";
		};
		202D55CB2AD3579C00D2C312 /* ViewController */ = {
			isa = PBXGroup;
			children = (
				207BE7AF2AD4979C00EDAD11 /* General */,
				202D55992AD3545000D2C312 /* HomeViewController.swift */,
				207BE7E82AD7331500EDAD11 /* MediaViewController.swift */,
				207BE7E42AD719E400EDAD11 /* MyMoviesViewController.swift */,
				202D55D02AD3589900D2C312 /* SearchViewController.swift */,
				207BE7E62AD71ED000EDAD11 /* ProfileViewController.swift */,
			);
			path = ViewController;
			sourceTree = "<group>";
		};
		202D55CC2AD357B900D2C312 /* TabBarController */ = {
			isa = PBXGroup;
			children = (
				202D55C92AD3575900D2C312 /* TabBarController.swift */,
			);
			path = TabBarController;
			sourceTree = "<group>";
		};
		202D55CD2AD357D800D2C312 /* Application */ = {
			isa = PBXGroup;
			children = (
				202D55952AD3545000D2C312 /* AppDelegate.swift */,
				202D55972AD3545000D2C312 /* SceneDelegate.swift */,
			);
			path = Application;
			sourceTree = "<group>";
		};
		207BE7A52AD495A400EDAD11 /* Views */ = {
			isa = PBXGroup;
			children = (
				207BE7A62AD495C900EDAD11 /* CollectionViewTableViewCell.swift */,
				207BE7AB2AD4970800EDAD11 /* HeroHeaderUIView.swift */,
				207BE7AD2AD4975000EDAD11 /* TitleCollectionViewCell.swift */,
				207BE7BE2AD49C1000EDAD11 /* TitleTableViewCell.swift */,
			);
			path = Views;
			sourceTree = "<group>";
		};
		207BE7A82AD496B400EDAD11 /* Model */ = {
			isa = PBXGroup;
			children = (
				207BE7A92AD496CA00EDAD11 /* Title.swift */,
				207BE7B22AD4980800EDAD11 /* TitleViewModel.swift */,
				207BE7B42AD4984300EDAD11 /* TitlePreviewViewModel.swift */,
				207BE7B62AD4986C00EDAD11 /* YoutubeSearchResponse.swift */,
			);
			path = Model;
			sourceTree = "<group>";
		};
		207BE7AF2AD4979C00EDAD11 /* General */ = {
			isa = PBXGroup;
			children = (
				207BE7B02AD497AD00EDAD11 /* TitlePreviewViewController.swift */,
				207BE7C02AD49CAC00EDAD11 /* SearchResultsViewController.swift */,
			);
			path = General;
			sourceTree = "<group>";
		};
		207BE7B82AD4992F00EDAD11 /* Extension */ = {
			isa = PBXGroup;
			children = (
				207BE7B92AD4994B00EDAD11 /* Extension.swift */,
			);
			path = Extension;
			sourceTree = "<group>";
		};
		207BE7BB2AD4998F00EDAD11 /* Manager */ = {
			isa = PBXGroup;
			children = (
				207BE7BC2AD4999B00EDAD11 /* DataPersistenceManager.swift */,
			);
			path = Manager;
			sourceTree = "<group>";
		};
/* End PBXGroup section */

/* Begin PBXNativeTarget section */
		202D55912AD3545000D2C312 /* KinopoiskCloneAPI */ = {
			isa = PBXNativeTarget;
			buildConfigurationList = 202D55A62AD3545200D2C312 /* Build configuration list for PBXNativeTarget "KinopoiskCloneAPI" */;
			buildPhases = (
				202D558E2AD3545000D2C312 /* Sources */,
				202D558F2AD3545000D2C312 /* Frameworks */,
				202D55902AD3545000D2C312 /* Resources */,
			);
			buildRules = (
			);
			dependencies = (
			);
			name = KinopoiskCloneAPI;
			packageProductDependencies = (
				202D55D52AD3608100D2C312 /* SDWebImage */,
			);
			productName = KinopoiskCloneAPI;
			productReference = 202D55922AD3545000D2C312 /* KinopoiskCloneAPI.app */;
			productType = "com.apple.product-type.application";
		};
/* End PBXNativeTarget section */

/* Begin PBXProject section */
		202D558A2AD3545000D2C312 /* Project object */ = {
			isa = PBXProject;
			attributes = {
				BuildIndependentTargetsInParallel = 1;
				LastSwiftUpdateCheck = 1500;
				LastUpgradeCheck = 1500;
				TargetAttributes = {
					202D55912AD3545000D2C312 = {
						CreatedOnToolsVersion = 15.0;
					};
				};
			};
			buildConfigurationList = 202D558D2AD3545000D2C312 /* Build configuration list for PBXProject "KinopoiskCloneAPI" */;
			compatibilityVersion = "Xcode 14.0";
			developmentRegion = en;
			hasScannedForEncodings = 0;
			knownRegions = (
				en,
				Base,
			);
			mainGroup = 202D55892AD3545000D2C312;
			packageReferences = (
				202D55D42AD3608100D2C312 /* XCRemoteSwiftPackageReference "SDWebImage" */,
			);
			productRefGroup = 202D55932AD3545000D2C312 /* Products */;
			projectDirPath = "";
			projectRoot = "";
			targets = (
				202D55912AD3545000D2C312 /* KinopoiskCloneAPI */,
			);
		};
/* End PBXProject section */

/* Begin PBXResourcesBuildPhase section */
		202D55902AD3545000D2C312 /* Resources */ = {
			isa = PBXResourcesBuildPhase;
			buildActionMask = 2147483647;
			files = (
				202D55A22AD3545200D2C312 /* LaunchScreen.storyboard in Resources */,
				202D559F2AD3545200D2C312 /* Assets.xcassets in Resources */,
			);
			runOnlyForDeploymentPostprocessing = 0;
		};
/* End PBXResourcesBuildPhase section */

/* Begin PBXSourcesBuildPhase section */
		202D558E2AD3545000D2C312 /* Sources */ = {
			isa = PBXSourcesBuildPhase;
			buildActionMask = 2147483647;
			files = (
				207BE7B52AD4984300EDAD11 /* TitlePreviewViewModel.swift in Sources */,
				207BE7E92AD7331500EDAD11 /* MediaViewController.swift in Sources */,
				202D55D12AD3589900D2C312 /* SearchViewController.swift in Sources */,
				207BE7AC2AD4970800EDAD11 /* HeroHeaderUIView.swift in Sources */,
				207BE7B72AD4986C00EDAD11 /* YoutubeSearchResponse.swift in Sources */,
				207BE7AA2AD496CA00EDAD11 /* Title.swift in Sources */,
				202D55CA2AD3575900D2C312 /* TabBarController.swift in Sources */,
				207BE7A72AD495C900EDAD11 /* CollectionViewTableViewCell.swift in Sources */,
				207BE7BA2AD4994B00EDAD11 /* Extension.swift in Sources */,
				207BE7AE2AD4975000EDAD11 /* TitleCollectionViewCell.swift in Sources */,
				207BE7BD2AD4999B00EDAD11 /* DataPersistenceManager.swift in Sources */,
				202D559A2AD3545000D2C312 /* HomeViewController.swift in Sources */,
				207BE7C12AD49CAC00EDAD11 /* SearchResultsViewController.swift in Sources */,
				207BE7B12AD497AD00EDAD11 /* TitlePreviewViewController.swift in Sources */,
				202D55962AD3545000D2C312 /* AppDelegate.swift in Sources */,
				202D55982AD3545000D2C312 /* SceneDelegate.swift in Sources */,
				207BE7BF2AD49C1000EDAD11 /* TitleTableViewCell.swift in Sources */,
				207BE7E72AD71ED000EDAD11 /* ProfileViewController.swift in Sources */,
				207BE7B32AD4980800EDAD11 /* TitleViewModel.swift in Sources */,
				207BE7E52AD719E400EDAD11 /* MyMoviesViewController.swift in Sources */,
			);
			runOnlyForDeploymentPostprocessing = 0;
		};
/* End PBXSourcesBuildPhase section */

/* Begin PBXVariantGroup section */
		202D55A02AD3545200D2C312 /* LaunchScreen.storyboard */ = {
			isa = PBXVariantGroup;
			children = (
				202D55A12AD3545200D2C312 /* Base */,
			);
			name = LaunchScreen.storyboard;
			sourceTree = "<group>";
		};
/* End PBXVariantGroup section */

/* Begin XCBuildConfiguration section */
		202D55A42AD3545200D2C312 /* Debug */ = {
			isa = XCBuildConfiguration;
			buildSettings = {
				ALWAYS_SEARCH_USER_PATHS = NO;
				ASSETCATALOG_COMPILER_GENERATE_SWIFT_ASSET_SYMBOL_EXTENSIONS = YES;
				CLANG_ANALYZER_NONNULL = YES;
				CLANG_ANALYZER_NUMBER_OBJECT_CONVERSION = YES_AGGRESSIVE;
				CLANG_CXX_LANGUAGE_STANDARD = "gnu++20";
				CLANG_ENABLE_MODULES = YES;
				CLANG_ENABLE_OBJC_ARC = YES;
				CLANG_ENABLE_OBJC_WEAK = YES;
				CLANG_WARN_BLOCK_CAPTURE_AUTORELEASING = YES;
				CLANG_WARN_BOOL_CONVERSION = YES;
				CLANG_WARN_COMMA = YES;
				CLANG_WARN_CONSTANT_CONVERSION = YES;
				CLANG_WARN_DEPRECATED_OBJC_IMPLEMENTATIONS = YES;
				CLANG_WARN_DIRECT_OBJC_ISA_USAGE = YES_ERROR;
				CLANG_WARN_DOCUMENTATION_COMMENTS = YES;
				CLANG_WARN_EMPTY_BODY = YES;
				CLANG_WARN_ENUM_CONVERSION = YES;
				CLANG_WARN_INFINITE_RECURSION = YES;
				CLANG_WARN_INT_CONVERSION = YES;
				CLANG_WARN_NON_LITERAL_NULL_CONVERSION = YES;
				CLANG_WARN_OBJC_IMPLICIT_RETAIN_SELF = YES;
				CLANG_WARN_OBJC_LITERAL_CONVERSION = YES;
				CLANG_WARN_OBJC_ROOT_CLASS = YES_ERROR;
				CLANG_WARN_QUOTED_INCLUDE_IN_FRAMEWORK_HEADER = YES;
				CLANG_WARN_RANGE_LOOP_ANALYSIS = YES;
				CLANG_WARN_STRICT_PROTOTYPES = YES;
				CLANG_WARN_SUSPICIOUS_MOVE = YES;
				CLANG_WARN_UNGUARDED_AVAILABILITY = YES_AGGRESSIVE;
				CLANG_WARN_UNREACHABLE_CODE = YES;
				CLANG_WARN__DUPLICATE_METHOD_MATCH = YES;
				COPY_PHASE_STRIP = NO;
				DEBUG_INFORMATION_FORMAT = dwarf;
				ENABLE_STRICT_OBJC_MSGSEND = YES;
				ENABLE_TESTABILITY = YES;
				ENABLE_USER_SCRIPT_SANDBOXING = YES;
				GCC_C_LANGUAGE_STANDARD = gnu17;
				GCC_DYNAMIC_NO_PIC = NO;
				GCC_NO_COMMON_BLOCKS = YES;
				GCC_OPTIMIZATION_LEVEL = 0;
				GCC_PREPROCESSOR_DEFINITIONS = (
					"DEBUG=1",
					"$(inherited)",
				);
				GCC_WARN_64_TO_32_BIT_CONVERSION = YES;
				GCC_WARN_ABOUT_RETURN_TYPE = YES_ERROR;
				GCC_WARN_UNDECLARED_SELECTOR = YES;
				GCC_WARN_UNINITIALIZED_AUTOS = YES_AGGRESSIVE;
				GCC_WARN_UNUSED_FUNCTION = YES;
				GCC_WARN_UNUSED_VARIABLE = YES;
				IPHONEOS_DEPLOYMENT_TARGET = 17.0;
				LOCALIZATION_PREFERS_STRING_CATALOGS = YES;
				MTL_ENABLE_DEBUG_INFO = INCLUDE_SOURCE;
				MTL_FAST_MATH = YES;
				ONLY_ACTIVE_ARCH = YES;
				SDKROOT = iphoneos;
				SWIFT_ACTIVE_COMPILATION_CONDITIONS = "DEBUG $(inherited)";
				SWIFT_OPTIMIZATION_LEVEL = "-Onone";
			};
			name = Debug;
		};
		202D55A52AD3545200D2C312 /* Release */ = {
			isa = XCBuildConfiguration;
			buildSettings = {
				ALWAYS_SEARCH_USER_PATHS = NO;
				ASSETCATALOG_COMPILER_GENERATE_SWIFT_ASSET_SYMBOL_EXTENSIONS = YES;
				CLANG_ANALYZER_NONNULL = YES;
				CLANG_ANALYZER_NUMBER_OBJECT_CONVERSION = YES_AGGRESSIVE;
				CLANG_CXX_LANGUAGE_STANDARD = "gnu++20";
				CLANG_ENABLE_MODULES = YES;
				CLANG_ENABLE_OBJC_ARC = YES;
				CLANG_ENABLE_OBJC_WEAK = YES;
				CLANG_WARN_BLOCK_CAPTURE_AUTORELEASING = YES;
				CLANG_WARN_BOOL_CONVERSION = YES;
				CLANG_WARN_COMMA = YES;
				CLANG_WARN_CONSTANT_CONVERSION = YES;
				CLANG_WARN_DEPRECATED_OBJC_IMPLEMENTATIONS = YES;
				CLANG_WARN_DIRECT_OBJC_ISA_USAGE = YES_ERROR;
				CLANG_WARN_DOCUMENTATION_COMMENTS = YES;
				CLANG_WARN_EMPTY_BODY = YES;
				CLANG_WARN_ENUM_CONVERSION = YES;
				CLANG_WARN_INFINITE_RECURSION = YES;
				CLANG_WARN_INT_CONVERSION = YES;
				CLANG_WARN_NON_LITERAL_NULL_CONVERSION = YES;
				CLANG_WARN_OBJC_IMPLICIT_RETAIN_SELF = YES;
				CLANG_WARN_OBJC_LITERAL_CONVERSION = YES;
				CLANG_WARN_OBJC_ROOT_CLASS = YES_ERROR;
				CLANG_WARN_QUOTED_INCLUDE_IN_FRAMEWORK_HEADER = YES;
				CLANG_WARN_RANGE_LOOP_ANALYSIS = YES;
				CLANG_WARN_STRICT_PROTOTYPES = YES;
				CLANG_WARN_SUSPICIOUS_MOVE = YES;
				CLANG_WARN_UNGUARDED_AVAILABILITY = YES_AGGRESSIVE;
				CLANG_WARN_UNREACHABLE_CODE = YES;
				CLANG_WARN__DUPLICATE_METHOD_MATCH = YES;
				COPY_PHASE_STRIP = NO;
				DEBUG_INFORMATION_FORMAT = "dwarf-with-dsym";
				ENABLE_NS_ASSERTIONS = NO;
				ENABLE_STRICT_OBJC_MSGSEND = YES;
				ENABLE_USER_SCRIPT_SANDBOXING = YES;
				GCC_C_LANGUAGE_STANDARD = gnu17;
				GCC_NO_COMMON_BLOCKS = YES;
				GCC_WARN_64_TO_32_BIT_CONVERSION = YES;
				GCC_WARN_ABOUT_RETURN_TYPE = YES_ERROR;
				GCC_WARN_UNDECLARED_SELECTOR = YES;
				GCC_WARN_UNINITIALIZED_AUTOS = YES_AGGRESSIVE;
				GCC_WARN_UNUSED_FUNCTION = YES;
				GCC_WARN_UNUSED_VARIABLE = YES;
				IPHONEOS_DEPLOYMENT_TARGET = 17.0;
				LOCALIZATION_PREFERS_STRING_CATALOGS = YES;
				MTL_ENABLE_DEBUG_INFO = NO;
				MTL_FAST_MATH = YES;
				SDKROOT = iphoneos;
				SWIFT_COMPILATION_MODE = wholemodule;
				VALIDATE_PRODUCT = YES;
			};
			name = Release;
		};
		202D55A72AD3545200D2C312 /* Debug */ = {
			isa = XCBuildConfiguration;
			buildSettings = {
				ASSETCATALOG_COMPILER_APPICON_NAME = AppIcon;
				ASSETCATALOG_COMPILER_GLOBAL_ACCENT_COLOR_NAME = AccentColor;
				CODE_SIGN_STYLE = Automatic;
				CURRENT_PROJECT_VERSION = 1;
				DEVELOPMENT_TEAM = W2P9X4349P;
				GENERATE_INFOPLIST_FILE = YES;
				INFOPLIST_FILE = KinopoiskCloneAPI/Info.plist;
				INFOPLIST_KEY_UIApplicationSupportsIndirectInputEvents = YES;
				INFOPLIST_KEY_UILaunchStoryboardName = LaunchScreen;
				INFOPLIST_KEY_UISupportedInterfaceOrientations_iPad = "UIInterfaceOrientationPortrait UIInterfaceOrientationPortraitUpsideDown UIInterfaceOrientationLandscapeLeft UIInterfaceOrientationLandscapeRight";
				INFOPLIST_KEY_UISupportedInterfaceOrientations_iPhone = "UIInterfaceOrientationPortrait UIInterfaceOrientationLandscapeLeft UIInterfaceOrientationLandscapeRight";
				LD_RUNPATH_SEARCH_PATHS = (
					"$(inherited)",
					"@executable_path/Frameworks",
				);
				MARKETING_VERSION = 1.0;
				PRODUCT_BUNDLE_IDENTIFIER = "grinkonikolka-yandex.ru.KinopoiskCloneAPI";
				PRODUCT_NAME = "$(TARGET_NAME)";
				SWIFT_EMIT_LOC_STRINGS = YES;
				SWIFT_VERSION = 5.0;
				TARGETED_DEVICE_FAMILY = "1,2";
			};
			name = Debug;
		};
		202D55A82AD3545200D2C312 /* Release */ = {
			isa = XCBuildConfiguration;
			buildSettings = {
				ASSETCATALOG_COMPILER_APPICON_NAME = AppIcon;
				ASSETCATALOG_COMPILER_GLOBAL_ACCENT_COLOR_NAME = AccentColor;
				CODE_SIGN_STYLE = Automatic;
				CURRENT_PROJECT_VERSION = 1;
				DEVELOPMENT_TEAM = W2P9X4349P;
				GENERATE_INFOPLIST_FILE = YES;
				INFOPLIST_FILE = KinopoiskCloneAPI/Info.plist;
				INFOPLIST_KEY_UIApplicationSupportsIndirectInputEvents = YES;
				INFOPLIST_KEY_UILaunchStoryboardName = LaunchScreen;
				INFOPLIST_KEY_UISupportedInterfaceOrientations_iPad = "UIInterfaceOrientationPortrait UIInterfaceOrientationPortraitUpsideDown UIInterfaceOrientationLandscapeLeft UIInterfaceOrientationLandscapeRight";
				INFOPLIST_KEY_UISupportedInterfaceOrientations_iPhone = "UIInterfaceOrientationPortrait UIInterfaceOrientationLandscapeLeft UIInterfaceOrientationLandscapeRight";
				LD_RUNPATH_SEARCH_PATHS = (
					"$(inherited)",
					"@executable_path/Frameworks",
				);
				MARKETING_VERSION = 1.0;
				PRODUCT_BUNDLE_IDENTIFIER = "grinkonikolka-yandex.ru.KinopoiskCloneAPI";
				PRODUCT_NAME = "$(TARGET_NAME)";
				SWIFT_EMIT_LOC_STRINGS = YES;
				SWIFT_VERSION = 5.0;
				TARGETED_DEVICE_FAMILY = "1,2";
			};
			name = Release;
		};
/* End XCBuildConfiguration section */

/* Begin XCConfigurationList section */
		202D558D2AD3545000D2C312 /* Build configuration list for PBXProject "KinopoiskCloneAPI" */ = {
			isa = XCConfigurationList;
			buildConfigurations = (
				202D55A42AD3545200D2C312 /* Debug */,
				202D55A52AD3545200D2C312 /* Release */,
			);
			defaultConfigurationIsVisible = 0;
			defaultConfigurationName = Release;
		};
		202D55A62AD3545200D2C312 /* Build configuration list for PBXNativeTarget "KinopoiskCloneAPI" */ = {
			isa = XCConfigurationList;
			buildConfigurations = (
				202D55A72AD3545200D2C312 /* Debug */,
				202D55A82AD3545200D2C312 /* Release */,
			);
			defaultConfigurationIsVisible = 0;
			defaultConfigurationName = Release;
		};
/* End XCConfigurationList section */

/* Begin XCRemoteSwiftPackageReference section */
		202D55D42AD3608100D2C312 /* XCRemoteSwiftPackageReference "SDWebImage" */ = {
			isa = XCRemoteSwiftPackageReference;
			repositoryURL = "git@github.com:SDWebImage/SDWebImage.git";
			requirement = {
				kind = upToNextMajorVersion;
				minimumVersion = 5.18.2;
			};
		};
/* End XCRemoteSwiftPackageReference section */

/* Begin XCSwiftPackageProductDependency section */
		202D55D52AD3608100D2C312 /* SDWebImage */ = {
			isa = XCSwiftPackageProductDependency;
			package = 202D55D42AD3608100D2C312 /* XCRemoteSwiftPackageReference "SDWebImage" */;
			productName = SDWebImage;
		};
/* End XCSwiftPackageProductDependency section */
	};
	rootObject = 202D558A2AD3545000D2C312 /* Project object */;
}
