// !$*UTF8*$!
{
	archiveVersion = 1;
	classes = {
	};
	objectVersion = 56;
	objects = {

/* Begin PBXBuildFile section */
		202D55962AD3545000D2C312 /* AppDelegate.swift in Sources */ = {isa = PBXBuildFile; fileRef = 202D55952AD3545000D2C312 /* AppDelegate.swift */; };
		202D55982AD3545000D2C312 /* SceneDelegate.swift in Sources */ = {isa = PBXBuildFile; fileRef = 202D55972AD3545000D2C312 /* SceneDelegate.swift */; };
		202D559A2AD3545000D2C312 /* HomeViewController.swift in Sources */ = {isa = PBXBuildFile; fileRef = 202D55992AD3545000D2C312 /* HomeViewController.swift */; };
		202D559F2AD3545200D2C312 /* Assets.xcassets in Resources */ = {isa = PBXBuildFile; fileRef = 202D559E2AD3545200D2C312 /* Assets.xcassets */; };
		202D55A22AD3545200D2C312 /* LaunchScreen.storyboard in Resources */ = {isa = PBXBuildFile; fileRef = 202D55A02AD3545200D2C312 /* LaunchScreen.storyboard */; };
		202D55CA2AD3575900D2C312 /* TabBarController.swift in Sources */ = {isa = PBXBuildFile; fileRef = 202D55C92AD3575900D2C312 /* TabBarController.swift */; };
		202D55D12AD3589900D2C312 /* SearchViewController.swift in Sources */ = {isa = PBXBuildFile; fileRef = 202D55D02AD3589900D2C312 /* SearchViewController.swift */; };
		202D55D62AD3608100D2C312 /* SDWebImage in Frameworks */ = {isa = PBXBuildFile; productRef = 202D55D52AD3608100D2C312 /* SDWebImage */; };
		205FEFC82AE6806700F129B8 /* ButtonTableViewSetting.swift in Sources */ = {isa = PBXBuildFile; fileRef = 205FEFC72AE6806700F129B8 /* ButtonTableViewSetting.swift */; };
		205FEFCB2AE70C1500F129B8 /* NextSettingTapTableview.swift in Sources */ = {isa = PBXBuildFile; fileRef = 205FEFCA2AE70C1500F129B8 /* NextSettingTapTableview.swift */; };
		205FEFD42AE7153E00F129B8 /* SettingNextTableView.swift in Sources */ = {isa = PBXBuildFile; fileRef = 205FEFD32AE7153E00F129B8 /* SettingNextTableView.swift */; };
		205FEFD62AE7E0C100F129B8 /* AboutSettingProfileTableView.swift in Sources */ = {isa = PBXBuildFile; fileRef = 205FEFD52AE7E0C100F129B8 /* AboutSettingProfileTableView.swift */; };
		205FEFD92AE81A3400F129B8 /* LicenzeAboutVC.swift in Sources */ = {isa = PBXBuildFile; fileRef = 205FEFD82AE81A3400F129B8 /* LicenzeAboutVC.swift */; };
		205FEFDB2AE81A4F00F129B8 /* ReccomendeAboutVC.swift in Sources */ = {isa = PBXBuildFile; fileRef = 205FEFDA2AE81A4F00F129B8 /* ReccomendeAboutVC.swift */; };
		205FEFDD2AE81A8B00F129B8 /* ViewingConditionsAboutVC.swift in Sources */ = {isa = PBXBuildFile; fileRef = 205FEFDC2AE81A8B00F129B8 /* ViewingConditionsAboutVC.swift */; };
		205FEFDF2AE81B2200F129B8 /* PoliticConfidentialAboutVc.swift in Sources */ = {isa = PBXBuildFile; fileRef = 205FEFDE2AE81B2200F129B8 /* PoliticConfidentialAboutVc.swift */; };
		205FEFE12AE81B5400F129B8 /* ReferenceAboutVC.swift in Sources */ = {isa = PBXBuildFile; fileRef = 205FEFE02AE81B5400F129B8 /* ReferenceAboutVC.swift */; };
		205FEFE32AE81B9400F129B8 /* LikeApplicationAboutVC.swift in Sources */ = {isa = PBXBuildFile; fileRef = 205FEFE22AE81B9400F129B8 /* LikeApplicationAboutVC.swift */; };
		205FEFE52AE81BBB00F129B8 /* RecomMyFriendsAboutVC.swift in Sources */ = {isa = PBXBuildFile; fileRef = 205FEFE42AE81BBB00F129B8 /* RecomMyFriendsAboutVC.swift */; };
		205FEFE92AE95D3E00F129B8 /* BanTapSettingProfile.swift in Sources */ = {isa = PBXBuildFile; fileRef = 205FEFE82AE95D3E00F129B8 /* BanTapSettingProfile.swift */; };
		207234252B06D3770028DC9A /* SDWebImage in Frameworks */ = {isa = PBXBuildFile; productRef = 207234242B06D3770028DC9A /* SDWebImage */; };
		207234272B06D3770028DC9A /* SDWebImageMapKit in Frameworks */ = {isa = PBXBuildFile; productRef = 207234262B06D3770028DC9A /* SDWebImageMapKit */; };
		207B618D2ADA8A8A0092827D /* ProfileUIView.swift in Sources */ = {isa = PBXBuildFile; fileRef = 207B618C2ADA8A8A0092827D /* ProfileUIView.swift */; };
		207BE7A72AD495C900EDAD11 /* CollectionViewTableViewCell.swift in Sources */ = {isa = PBXBuildFile; fileRef = 207BE7A62AD495C900EDAD11 /* CollectionViewTableViewCell.swift */; };
		207BE7AA2AD496CA00EDAD11 /* Model.swift in Sources */ = {isa = PBXBuildFile; fileRef = 207BE7A92AD496CA00EDAD11 /* Model.swift */; };
		207BE7AC2AD4970800EDAD11 /* HeroHeaderUIView.swift in Sources */ = {isa = PBXBuildFile; fileRef = 207BE7AB2AD4970800EDAD11 /* HeroHeaderUIView.swift */; };
		207BE7AE2AD4975000EDAD11 /* TitleCollectionViewCell.swift in Sources */ = {isa = PBXBuildFile; fileRef = 207BE7AD2AD4975000EDAD11 /* TitleCollectionViewCell.swift */; };
		207BE7B12AD497AD00EDAD11 /* TitlePreviewViewController.swift in Sources */ = {isa = PBXBuildFile; fileRef = 207BE7B02AD497AD00EDAD11 /* TitlePreviewViewController.swift */; };
		207BE7B32AD4980800EDAD11 /* TitleViewModel.swift in Sources */ = {isa = PBXBuildFile; fileRef = 207BE7B22AD4980800EDAD11 /* TitleViewModel.swift */; };
		207BE7B52AD4984300EDAD11 /* TitlePreviewViewModel.swift in Sources */ = {isa = PBXBuildFile; fileRef = 207BE7B42AD4984300EDAD11 /* TitlePreviewViewModel.swift */; };
		207BE7B72AD4986C00EDAD11 /* YoutubeSearchResponse.swift in Sources */ = {isa = PBXBuildFile; fileRef = 207BE7B62AD4986C00EDAD11 /* YoutubeSearchResponse.swift */; };
		207BE7BA2AD4994B00EDAD11 /* Extension.swift in Sources */ = {isa = PBXBuildFile; fileRef = 207BE7B92AD4994B00EDAD11 /* Extension.swift */; };
		207BE7BF2AD49C1000EDAD11 /* TitleTableViewCell.swift in Sources */ = {isa = PBXBuildFile; fileRef = 207BE7BE2AD49C1000EDAD11 /* TitleTableViewCell.swift */; };
		207BE7C12AD49CAC00EDAD11 /* SearchResultsViewController.swift in Sources */ = {isa = PBXBuildFile; fileRef = 207BE7C02AD49CAC00EDAD11 /* SearchResultsViewController.swift */; };
		207BE7E52AD719E400EDAD11 /* MyMoviesViewController.swift in Sources */ = {isa = PBXBuildFile; fileRef = 207BE7E42AD719E400EDAD11 /* MyMoviesViewController.swift */; };
		207BE7E72AD71ED000EDAD11 /* ProfileViewController.swift in Sources */ = {isa = PBXBuildFile; fileRef = 207BE7E62AD71ED000EDAD11 /* ProfileViewController.swift */; };
		207BE7E92AD7331500EDAD11 /* MediaViewController.swift in Sources */ = {isa = PBXBuildFile; fileRef = 207BE7E82AD7331500EDAD11 /* MediaViewController.swift */; };
		207EC9722B153589002D20E0 /* APICaller.swift in Sources */ = {isa = PBXBuildFile; fileRef = 207EC9712B153589002D20E0 /* APICaller.swift */; };
		207EC9752B153AC1002D20E0 /* SwiftyJSON in Frameworks */ = {isa = PBXBuildFile; productRef = 207EC9742B153AC1002D20E0 /* SwiftyJSON */; };
		207EC9782B153B7F002D20E0 /* Alamofire in Frameworks */ = {isa = PBXBuildFile; productRef = 207EC9772B153B7F002D20E0 /* Alamofire */; };
		2082E3852B041B260027EA42 /* AnimeViewController.swift in Sources */ = {isa = PBXBuildFile; fileRef = 2082E3842B041B260027EA42 /* AnimeViewController.swift */; };
		2082E3882B04218E0027EA42 /* HorizontalMenuCollectionView.swift in Sources */ = {isa = PBXBuildFile; fileRef = 2082E3872B04218E0027EA42 /* HorizontalMenuCollectionView.swift */; };
		2082E38A2B0421A90027EA42 /* HorizontalMenuCollectionViewCell.swift in Sources */ = {isa = PBXBuildFile; fileRef = 2082E3892B0421A90027EA42 /* HorizontalMenuCollectionViewCell.swift */; };
		2083E27E2AEA6ADC0058B91A /* GalleryCollectionView.swift in Sources */ = {isa = PBXBuildFile; fileRef = 2083E27D2AEA6ADC0058B91A /* GalleryCollectionView.swift */; };
		2083E2802AEA6B000058B91A /* GalleryCollectionViewCell.swift in Sources */ = {isa = PBXBuildFile; fileRef = 2083E27F2AEA6B000058B91A /* GalleryCollectionViewCell.swift */; };
		2083E2822AEA6B170058B91A /* ModelBaby.swift in Sources */ = {isa = PBXBuildFile; fileRef = 2083E2812AEA6B170058B91A /* ModelBaby.swift */; };
		2083E2862AEA7CE60058B91A /* SettingProfileManagement.swift in Sources */ = {isa = PBXBuildFile; fileRef = 2083E2852AEA7CE60058B91A /* SettingProfileManagement.swift */; };
		2083E2882AEAA3BC0058B91A /* SettingBabyProfile.swift in Sources */ = {isa = PBXBuildFile; fileRef = 2083E2872AEAA3BC0058B91A /* SettingBabyProfile.swift */; };
		2083E28B2AEBA2D90058B91A /* SettingBabyProf12+.swift in Sources */ = {isa = PBXBuildFile; fileRef = 2083E28A2AEBA2D90058B91A /* SettingBabyProf12+.swift */; };
		2083E28E2AEBA50D0058B91A /* YouPlusSettProf.swift in Sources */ = {isa = PBXBuildFile; fileRef = 2083E28D2AEBA50D0058B91A /* YouPlusSettProf.swift */; };
		2083E2912AEBA6700058B91A /* PlusDeyliSetProf.swift in Sources */ = {isa = PBXBuildFile; fileRef = 2083E2902AEBA6700058B91A /* PlusDeyliSetProf.swift */; };
		2083E2942AEBA8240058B91A /* GetPointsSeyProf.swift in Sources */ = {isa = PBXBuildFile; fileRef = 2083E2932AEBA8240058B91A /* GetPointsSeyProf.swift */; };
		2083E2972AEBABB70058B91A /* EnterPromotionalCodeVC.swift in Sources */ = {isa = PBXBuildFile; fileRef = 2083E2962AEBABB70058B91A /* EnterPromotionalCodeVC.swift */; };
		2083E29B2AEBAD6A0058B91A /* TabBarBabyProfile.swift in Sources */ = {isa = PBXBuildFile; fileRef = 2083E29A2AEBAD6A0058B91A /* TabBarBabyProfile.swift */; };
		2083E29D2AEBADD10058B91A /* HomeBabyController.swift in Sources */ = {isa = PBXBuildFile; fileRef = 2083E29C2AEBADD10058B91A /* HomeBabyController.swift */; };
		2083E29F2AEBADFA0058B91A /* MyMoviesBabyController.swift in Sources */ = {isa = PBXBuildFile; fileRef = 2083E29E2AEBADFA0058B91A /* MyMoviesBabyController.swift */; };
		2083E2A12AEBAE100058B91A /* MySearchBabyController.swift in Sources */ = {isa = PBXBuildFile; fileRef = 2083E2A02AEBAE100058B91A /* MySearchBabyController.swift */; };
		2083E2A32AEBAE2D0058B91A /* Profile12BabyController.swift in Sources */ = {isa = PBXBuildFile; fileRef = 2083E2A22AEBAE2C0058B91A /* Profile12BabyController.swift */; };
		2083E2A62AEBBBBB0058B91A /* BabySearchTableViewCell.swift in Sources */ = {isa = PBXBuildFile; fileRef = 2083E2A52AEBBBBB0058B91A /* BabySearchTableViewCell.swift */; };
		20C97F5A2AFAE66800EE5232 /* ModelDataSearch.swift in Sources */ = {isa = PBXBuildFile; fileRef = 20C97F592AFAE66800EE5232 /* ModelDataSearch.swift */; };
		20C97F5C2AFAE68E00EE5232 /* HeaderSuplementaryView.swift in Sources */ = {isa = PBXBuildFile; fileRef = 20C97F5B2AFAE68E00EE5232 /* HeaderSuplementaryView.swift */; };
		20C97F5E2AFAE6A500EE5232 /* ExampleCollectionViewCell.swift in Sources */ = {isa = PBXBuildFile; fileRef = 20C97F5D2AFAE6A500EE5232 /* ExampleCollectionViewCell.swift */; };
		20C97F602AFAE6C300EE5232 /* CategoryCollectionViewCell.swift in Sources */ = {isa = PBXBuildFile; fileRef = 20C97F5F2AFAE6C300EE5232 /* CategoryCollectionViewCell.swift */; };
		20C97F622AFAE6E300EE5232 /* SaleCollectionViewCell.swift in Sources */ = {isa = PBXBuildFile; fileRef = 20C97F612AFAE6E300EE5232 /* SaleCollectionViewCell.swift */; };
		20C97F652AFC4AE600EE5232 /* OneCollectionViewCell.swift in Sources */ = {isa = PBXBuildFile; fileRef = 20C97F642AFC4AE600EE5232 /* OneCollectionViewCell.swift */; };
		20C97F672AFC4AFF00EE5232 /* TwoCategoryCollectionViewCell.swift in Sources */ = {isa = PBXBuildFile; fileRef = 20C97F662AFC4AFF00EE5232 /* TwoCategoryCollectionViewCell.swift */; };
		20C97F692AFC4B1B00EE5232 /* ThreeExampleCollectionViewCell.swift in Sources */ = {isa = PBXBuildFile; fileRef = 20C97F682AFC4B1B00EE5232 /* ThreeExampleCollectionViewCell.swift */; };
		20C97F6D2AFC4B5900EE5232 /* ModelMyMovies.swift in Sources */ = {isa = PBXBuildFile; fileRef = 20C97F6C2AFC4B5900EE5232 /* ModelMyMovies.swift */; };
		20C97F7D2AFDA05000EE5232 /* ModelDataMedia.swift in Sources */ = {isa = PBXBuildFile; fileRef = 20C97F7C2AFDA05000EE5232 /* ModelDataMedia.swift */; };
		20C97F7F2AFDA46800EE5232 /* SalessCollectionViewCell.swift in Sources */ = {isa = PBXBuildFile; fileRef = 20C97F7E2AFDA46800EE5232 /* SalessCollectionViewCell.swift */; };
		20C97F812AFDA48400EE5232 /* MediaCollectionViewCell.swift in Sources */ = {isa = PBXBuildFile; fileRef = 20C97F802AFDA48400EE5232 /* MediaCollectionViewCell.swift */; };
		20C97F832AFDA49D00EE5232 /* ExclusiveCollectionViewCell.swift in Sources */ = {isa = PBXBuildFile; fileRef = 20C97F822AFDA49D00EE5232 /* ExclusiveCollectionViewCell.swift */; };
		20C97F852AFDA4C000EE5232 /* CreateGraphikSectionCollectionView.swift in Sources */ = {isa = PBXBuildFile; fileRef = 20C97F842AFDA4C000EE5232 /* CreateGraphikSectionCollectionView.swift */; };
		20C97F872AFDA4D700EE5232 /* TrailerCollectionView.swift in Sources */ = {isa = PBXBuildFile; fileRef = 20C97F862AFDA4D700EE5232 /* TrailerCollectionView.swift */; };
		20ECFDDB2ADC824A00ABF934 /* SettingProfileTableViewCell.swift in Sources */ = {isa = PBXBuildFile; fileRef = 20ECFDDA2ADC824A00ABF934 /* SettingProfileTableViewCell.swift */; };
		20ECFE012ADD543C00ABF934 /* SettingNextProfileVC.swift in Sources */ = {isa = PBXBuildFile; fileRef = 20ECFE002ADD543C00ABF934 /* SettingNextProfileVC.swift */; };
		20ECFE032ADD54C400ABF934 /* ChatWithSupportVC.swift in Sources */ = {isa = PBXBuildFile; fileRef = 20ECFE022ADD54C400ABF934 /* ChatWithSupportVC.swift */; };
		20ECFE052ADD553000ABF934 /* AboutTheApplicationVC.swift in Sources */ = {isa = PBXBuildFile; fileRef = 20ECFE042ADD553000ABF934 /* AboutTheApplicationVC.swift */; };
		20ECFE072ADE4EB900ABF934 /* TTNavigationBar.swift in Sources */ = {isa = PBXBuildFile; fileRef = 20ECFE062ADE4EB900ABF934 /* TTNavigationBar.swift */; };
		20ECFE0C2AE1B73500ABF934 /* SettingTableViewCell.swift in Sources */ = {isa = PBXBuildFile; fileRef = 20ECFE0B2AE1B73500ABF934 /* SettingTableViewCell.swift */; };
		20ECFE0E2AE1B75E00ABF934 /* SwitchTableViewCell.swift in Sources */ = {isa = PBXBuildFile; fileRef = 20ECFE0D2AE1B75E00ABF934 /* SwitchTableViewCell.swift */; };
/* End PBXBuildFile section */

/* Begin PBXFileReference section */
		202D55922AD3545000D2C312 /* KinopoiskCloneAPI.app */ = {isa = PBXFileReference; explicitFileType = wrapper.application; includeInIndex = 0; path = KinopoiskCloneAPI.app; sourceTree = BUILT_PRODUCTS_DIR; };
		202D55952AD3545000D2C312 /* AppDelegate.swift */ = {isa = PBXFileReference; lastKnownFileType = sourcecode.swift; path = AppDelegate.swift; sourceTree = "<group>"; };
		202D55972AD3545000D2C312 /* SceneDelegate.swift */ = {isa = PBXFileReference; lastKnownFileType = sourcecode.swift; path = SceneDelegate.swift; sourceTree = "<group>"; };
		202D55992AD3545000D2C312 /* HomeViewController.swift */ = {isa = PBXFileReference; lastKnownFileType = sourcecode.swift; path = HomeViewController.swift; sourceTree = "<group>"; };
		202D559E2AD3545200D2C312 /* Assets.xcassets */ = {isa = PBXFileReference; lastKnownFileType = folder.assetcatalog; path = Assets.xcassets; sourceTree = "<group>"; };
		202D55A12AD3545200D2C312 /* Base */ = {isa = PBXFileReference; lastKnownFileType = file.storyboard; name = Base; path = Base.lproj/LaunchScreen.storyboard; sourceTree = "<group>"; };
		202D55A32AD3545200D2C312 /* Info.plist */ = {isa = PBXFileReference; lastKnownFileType = text.plist.xml; path = Info.plist; sourceTree = "<group>"; };
		202D55C92AD3575900D2C312 /* TabBarController.swift */ = {isa = PBXFileReference; lastKnownFileType = sourcecode.swift; path = TabBarController.swift; sourceTree = "<group>"; };
		202D55D02AD3589900D2C312 /* SearchViewController.swift */ = {isa = PBXFileReference; lastKnownFileType = sourcecode.swift; path = SearchViewController.swift; sourceTree = "<group>"; };
		205FEFC72AE6806700F129B8 /* ButtonTableViewSetting.swift */ = {isa = PBXFileReference; lastKnownFileType = sourcecode.swift; path = ButtonTableViewSetting.swift; sourceTree = "<group>"; };
		205FEFCA2AE70C1500F129B8 /* NextSettingTapTableview.swift */ = {isa = PBXFileReference; lastKnownFileType = sourcecode.swift; path = NextSettingTapTableview.swift; sourceTree = "<group>"; };
		205FEFD32AE7153E00F129B8 /* SettingNextTableView.swift */ = {isa = PBXFileReference; lastKnownFileType = sourcecode.swift; path = SettingNextTableView.swift; sourceTree = "<group>"; };
		205FEFD52AE7E0C100F129B8 /* AboutSettingProfileTableView.swift */ = {isa = PBXFileReference; lastKnownFileType = sourcecode.swift; path = AboutSettingProfileTableView.swift; sourceTree = "<group>"; };
		205FEFD82AE81A3400F129B8 /* LicenzeAboutVC.swift */ = {isa = PBXFileReference; lastKnownFileType = sourcecode.swift; path = LicenzeAboutVC.swift; sourceTree = "<group>"; };
		205FEFDA2AE81A4F00F129B8 /* ReccomendeAboutVC.swift */ = {isa = PBXFileReference; lastKnownFileType = sourcecode.swift; path = ReccomendeAboutVC.swift; sourceTree = "<group>"; };
		205FEFDC2AE81A8B00F129B8 /* ViewingConditionsAboutVC.swift */ = {isa = PBXFileReference; lastKnownFileType = sourcecode.swift; path = ViewingConditionsAboutVC.swift; sourceTree = "<group>"; };
		205FEFDE2AE81B2200F129B8 /* PoliticConfidentialAboutVc.swift */ = {isa = PBXFileReference; lastKnownFileType = sourcecode.swift; path = PoliticConfidentialAboutVc.swift; sourceTree = "<group>"; };
		205FEFE02AE81B5400F129B8 /* ReferenceAboutVC.swift */ = {isa = PBXFileReference; lastKnownFileType = sourcecode.swift; path = ReferenceAboutVC.swift; sourceTree = "<group>"; };
		205FEFE22AE81B9400F129B8 /* LikeApplicationAboutVC.swift */ = {isa = PBXFileReference; lastKnownFileType = sourcecode.swift; path = LikeApplicationAboutVC.swift; sourceTree = "<group>"; };
		205FEFE42AE81BBB00F129B8 /* RecomMyFriendsAboutVC.swift */ = {isa = PBXFileReference; lastKnownFileType = sourcecode.swift; path = RecomMyFriendsAboutVC.swift; sourceTree = "<group>"; };
		205FEFE82AE95D3E00F129B8 /* BanTapSettingProfile.swift */ = {isa = PBXFileReference; lastKnownFileType = sourcecode.swift; path = BanTapSettingProfile.swift; sourceTree = "<group>"; };
		207B618C2ADA8A8A0092827D /* ProfileUIView.swift */ = {isa = PBXFileReference; lastKnownFileType = sourcecode.swift; path = ProfileUIView.swift; sourceTree = "<group>"; };
		207BE7A62AD495C900EDAD11 /* CollectionViewTableViewCell.swift */ = {isa = PBXFileReference; lastKnownFileType = sourcecode.swift; path = CollectionViewTableViewCell.swift; sourceTree = "<group>"; };
		207BE7A92AD496CA00EDAD11 /* Model.swift */ = {isa = PBXFileReference; lastKnownFileType = sourcecode.swift; path = Model.swift; sourceTree = "<group>"; };
		207BE7AB2AD4970800EDAD11 /* HeroHeaderUIView.swift */ = {isa = PBXFileReference; lastKnownFileType = sourcecode.swift; path = HeroHeaderUIView.swift; sourceTree = "<group>"; };
		207BE7AD2AD4975000EDAD11 /* TitleCollectionViewCell.swift */ = {isa = PBXFileReference; lastKnownFileType = sourcecode.swift; path = TitleCollectionViewCell.swift; sourceTree = "<group>"; };
		207BE7B02AD497AD00EDAD11 /* TitlePreviewViewController.swift */ = {isa = PBXFileReference; lastKnownFileType = sourcecode.swift; path = TitlePreviewViewController.swift; sourceTree = "<group>"; };
		207BE7B22AD4980800EDAD11 /* TitleViewModel.swift */ = {isa = PBXFileReference; lastKnownFileType = sourcecode.swift; path = TitleViewModel.swift; sourceTree = "<group>"; };
		207BE7B42AD4984300EDAD11 /* TitlePreviewViewModel.swift */ = {isa = PBXFileReference; lastKnownFileType = sourcecode.swift; path = TitlePreviewViewModel.swift; sourceTree = "<group>"; };
		207BE7B62AD4986C00EDAD11 /* YoutubeSearchResponse.swift */ = {isa = PBXFileReference; lastKnownFileType = sourcecode.swift; path = YoutubeSearchResponse.swift; sourceTree = "<group>"; };
		207BE7B92AD4994B00EDAD11 /* Extension.swift */ = {isa = PBXFileReference; lastKnownFileType = sourcecode.swift; path = Extension.swift; sourceTree = "<group>"; };
		207BE7BE2AD49C1000EDAD11 /* TitleTableViewCell.swift */ = {isa = PBXFileReference; lastKnownFileType = sourcecode.swift; path = TitleTableViewCell.swift; sourceTree = "<group>"; };
		207BE7C02AD49CAC00EDAD11 /* SearchResultsViewController.swift */ = {isa = PBXFileReference; lastKnownFileType = sourcecode.swift; path = SearchResultsViewController.swift; sourceTree = "<group>"; };
		207BE7E42AD719E400EDAD11 /* MyMoviesViewController.swift */ = {isa = PBXFileReference; lastKnownFileType = sourcecode.swift; path = MyMoviesViewController.swift; sourceTree = "<group>"; };
		207BE7E62AD71ED000EDAD11 /* ProfileViewController.swift */ = {isa = PBXFileReference; lastKnownFileType = sourcecode.swift; path = ProfileViewController.swift; sourceTree = "<group>"; };
		207BE7E82AD7331500EDAD11 /* MediaViewController.swift */ = {isa = PBXFileReference; lastKnownFileType = sourcecode.swift; path = MediaViewController.swift; sourceTree = "<group>"; };
		207EC9712B153589002D20E0 /* APICaller.swift */ = {isa = PBXFileReference; lastKnownFileType = sourcecode.swift; path = APICaller.swift; sourceTree = "<group>"; };
		2082E3842B041B260027EA42 /* AnimeViewController.swift */ = {isa = PBXFileReference; lastKnownFileType = sourcecode.swift; path = AnimeViewController.swift; sourceTree = "<group>"; };
		2082E3872B04218E0027EA42 /* HorizontalMenuCollectionView.swift */ = {isa = PBXFileReference; lastKnownFileType = sourcecode.swift; path = HorizontalMenuCollectionView.swift; sourceTree = "<group>"; };
		2082E3892B0421A90027EA42 /* HorizontalMenuCollectionViewCell.swift */ = {isa = PBXFileReference; lastKnownFileType = sourcecode.swift; path = HorizontalMenuCollectionViewCell.swift; sourceTree = "<group>"; };
		2083E27D2AEA6ADC0058B91A /* GalleryCollectionView.swift */ = {isa = PBXFileReference; fileEncoding = 4; lastKnownFileType = sourcecode.swift; path = GalleryCollectionView.swift; sourceTree = "<group>"; };
		2083E27F2AEA6B000058B91A /* GalleryCollectionViewCell.swift */ = {isa = PBXFileReference; fileEncoding = 4; lastKnownFileType = sourcecode.swift; path = GalleryCollectionViewCell.swift; sourceTree = "<group>"; };
		2083E2812AEA6B170058B91A /* ModelBaby.swift */ = {isa = PBXFileReference; fileEncoding = 4; lastKnownFileType = sourcecode.swift; path = ModelBaby.swift; sourceTree = "<group>"; };
		2083E2852AEA7CE60058B91A /* SettingProfileManagement.swift */ = {isa = PBXFileReference; lastKnownFileType = sourcecode.swift; path = SettingProfileManagement.swift; sourceTree = "<group>"; };
		2083E2872AEAA3BC0058B91A /* SettingBabyProfile.swift */ = {isa = PBXFileReference; lastKnownFileType = sourcecode.swift; path = SettingBabyProfile.swift; sourceTree = "<group>"; };
		2083E28A2AEBA2D90058B91A /* SettingBabyProf12+.swift */ = {isa = PBXFileReference; lastKnownFileType = sourcecode.swift; path = "SettingBabyProf12+.swift"; sourceTree = "<group>"; };
		2083E28D2AEBA50D0058B91A /* YouPlusSettProf.swift */ = {isa = PBXFileReference; lastKnownFileType = sourcecode.swift; path = YouPlusSettProf.swift; sourceTree = "<group>"; };
		2083E2902AEBA6700058B91A /* PlusDeyliSetProf.swift */ = {isa = PBXFileReference; lastKnownFileType = sourcecode.swift; path = PlusDeyliSetProf.swift; sourceTree = "<group>"; };
		2083E2932AEBA8240058B91A /* GetPointsSeyProf.swift */ = {isa = PBXFileReference; lastKnownFileType = sourcecode.swift; path = GetPointsSeyProf.swift; sourceTree = "<group>"; };
		2083E2962AEBABB70058B91A /* EnterPromotionalCodeVC.swift */ = {isa = PBXFileReference; lastKnownFileType = sourcecode.swift; path = EnterPromotionalCodeVC.swift; sourceTree = "<group>"; };
		2083E29A2AEBAD6A0058B91A /* TabBarBabyProfile.swift */ = {isa = PBXFileReference; lastKnownFileType = sourcecode.swift; path = TabBarBabyProfile.swift; sourceTree = "<group>"; };
		2083E29C2AEBADD10058B91A /* HomeBabyController.swift */ = {isa = PBXFileReference; lastKnownFileType = sourcecode.swift; path = HomeBabyController.swift; sourceTree = "<group>"; };
		2083E29E2AEBADFA0058B91A /* MyMoviesBabyController.swift */ = {isa = PBXFileReference; lastKnownFileType = sourcecode.swift; path = MyMoviesBabyController.swift; sourceTree = "<group>"; };
		2083E2A02AEBAE100058B91A /* MySearchBabyController.swift */ = {isa = PBXFileReference; lastKnownFileType = sourcecode.swift; path = MySearchBabyController.swift; sourceTree = "<group>"; };
		2083E2A22AEBAE2C0058B91A /* Profile12BabyController.swift */ = {isa = PBXFileReference; lastKnownFileType = sourcecode.swift; path = Profile12BabyController.swift; sourceTree = "<group>"; };
		2083E2A52AEBBBBB0058B91A /* BabySearchTableViewCell.swift */ = {isa = PBXFileReference; lastKnownFileType = sourcecode.swift; path = BabySearchTableViewCell.swift; sourceTree = "<group>"; };
		20C97F592AFAE66800EE5232 /* ModelDataSearch.swift */ = {isa = PBXFileReference; lastKnownFileType = sourcecode.swift; path = ModelDataSearch.swift; sourceTree = "<group>"; };
		20C97F5B2AFAE68E00EE5232 /* HeaderSuplementaryView.swift */ = {isa = PBXFileReference; lastKnownFileType = sourcecode.swift; path = HeaderSuplementaryView.swift; sourceTree = "<group>"; };
		20C97F5D2AFAE6A500EE5232 /* ExampleCollectionViewCell.swift */ = {isa = PBXFileReference; lastKnownFileType = sourcecode.swift; path = ExampleCollectionViewCell.swift; sourceTree = "<group>"; };
		20C97F5F2AFAE6C300EE5232 /* CategoryCollectionViewCell.swift */ = {isa = PBXFileReference; lastKnownFileType = sourcecode.swift; path = CategoryCollectionViewCell.swift; sourceTree = "<group>"; };
		20C97F612AFAE6E300EE5232 /* SaleCollectionViewCell.swift */ = {isa = PBXFileReference; lastKnownFileType = sourcecode.swift; path = SaleCollectionViewCell.swift; sourceTree = "<group>"; };
		20C97F642AFC4AE600EE5232 /* OneCollectionViewCell.swift */ = {isa = PBXFileReference; lastKnownFileType = sourcecode.swift; path = OneCollectionViewCell.swift; sourceTree = "<group>"; };
		20C97F662AFC4AFF00EE5232 /* TwoCategoryCollectionViewCell.swift */ = {isa = PBXFileReference; lastKnownFileType = sourcecode.swift; path = TwoCategoryCollectionViewCell.swift; sourceTree = "<group>"; };
		20C97F682AFC4B1B00EE5232 /* ThreeExampleCollectionViewCell.swift */ = {isa = PBXFileReference; lastKnownFileType = sourcecode.swift; path = ThreeExampleCollectionViewCell.swift; sourceTree = "<group>"; };
		20C97F6C2AFC4B5900EE5232 /* ModelMyMovies.swift */ = {isa = PBXFileReference; lastKnownFileType = sourcecode.swift; path = ModelMyMovies.swift; sourceTree = "<group>"; };
		20C97F7C2AFDA05000EE5232 /* ModelDataMedia.swift */ = {isa = PBXFileReference; lastKnownFileType = sourcecode.swift; path = ModelDataMedia.swift; sourceTree = "<group>"; };
		20C97F7E2AFDA46800EE5232 /* SalessCollectionViewCell.swift */ = {isa = PBXFileReference; lastKnownFileType = sourcecode.swift; path = SalessCollectionViewCell.swift; sourceTree = "<group>"; };
		20C97F802AFDA48400EE5232 /* MediaCollectionViewCell.swift */ = {isa = PBXFileReference; lastKnownFileType = sourcecode.swift; path = MediaCollectionViewCell.swift; sourceTree = "<group>"; };
		20C97F822AFDA49D00EE5232 /* ExclusiveCollectionViewCell.swift */ = {isa = PBXFileReference; lastKnownFileType = sourcecode.swift; path = ExclusiveCollectionViewCell.swift; sourceTree = "<group>"; };
		20C97F842AFDA4C000EE5232 /* CreateGraphikSectionCollectionView.swift */ = {isa = PBXFileReference; lastKnownFileType = sourcecode.swift; path = CreateGraphikSectionCollectionView.swift; sourceTree = "<group>"; };
		20C97F862AFDA4D700EE5232 /* TrailerCollectionView.swift */ = {isa = PBXFileReference; lastKnownFileType = sourcecode.swift; path = TrailerCollectionView.swift; sourceTree = "<group>"; };
		20ECFDDA2ADC824A00ABF934 /* SettingProfileTableViewCell.swift */ = {isa = PBXFileReference; lastKnownFileType = sourcecode.swift; path = SettingProfileTableViewCell.swift; sourceTree = "<group>"; };
		20ECFE002ADD543C00ABF934 /* SettingNextProfileVC.swift */ = {isa = PBXFileReference; lastKnownFileType = sourcecode.swift; path = SettingNextProfileVC.swift; sourceTree = "<group>"; };
		20ECFE022ADD54C400ABF934 /* ChatWithSupportVC.swift */ = {isa = PBXFileReference; lastKnownFileType = sourcecode.swift; path = ChatWithSupportVC.swift; sourceTree = "<group>"; };
		20ECFE042ADD553000ABF934 /* AboutTheApplicationVC.swift */ = {isa = PBXFileReference; lastKnownFileType = sourcecode.swift; path = AboutTheApplicationVC.swift; sourceTree = "<group>"; };
		20ECFE062ADE4EB900ABF934 /* TTNavigationBar.swift */ = {isa = PBXFileReference; lastKnownFileType = sourcecode.swift; path = TTNavigationBar.swift; sourceTree = "<group>"; };
		20ECFE0B2AE1B73500ABF934 /* SettingTableViewCell.swift */ = {isa = PBXFileReference; lastKnownFileType = sourcecode.swift; path = SettingTableViewCell.swift; sourceTree = "<group>"; };
		20ECFE0D2AE1B75E00ABF934 /* SwitchTableViewCell.swift */ = {isa = PBXFileReference; lastKnownFileType = sourcecode.swift; path = SwitchTableViewCell.swift; sourceTree = "<group>"; };
/* End PBXFileReference section */

/* Begin PBXFrameworksBuildPhase section */
		202D558F2AD3545000D2C312 /* Frameworks */ = {
			isa = PBXFrameworksBuildPhase;
			buildActionMask = 2147483647;
			files = (
				207EC9782B153B7F002D20E0 /* Alamofire in Frameworks */,
				207234252B06D3770028DC9A /* SDWebImage in Frameworks */,
				207234272B06D3770028DC9A /* SDWebImageMapKit in Frameworks */,
				207EC9752B153AC1002D20E0 /* SwiftyJSON in Frameworks */,
				202D55D62AD3608100D2C312 /* SDWebImage in Frameworks */,
			);
			runOnlyForDeploymentPostprocessing = 0;
		};
/* End PBXFrameworksBuildPhase section */

/* Begin PBXGroup section */
		202D55892AD3545000D2C312 = {
			isa = PBXGroup;
			children = (
				202D55942AD3545000D2C312 /* KinopoiskCloneAPI */,
				202D55932AD3545000D2C312 /* Products */,
			);
			sourceTree = "<group>";
		};
		202D55932AD3545000D2C312 /* Products */ = {
			isa = PBXGroup;
			children = (
				202D55922AD3545000D2C312 /* KinopoiskCloneAPI.app */,
			);
			name = Products;
			sourceTree = "<group>";
		};
		202D55942AD3545000D2C312 /* KinopoiskCloneAPI */ = {
			isa = PBXGroup;
			children = (
				207BE7BB2AD4998F00EDAD11 /* Manager */,
				207BE7B82AD4992F00EDAD11 /* Extension */,
				207BE7A82AD496B400EDAD11 /* Model */,
				207BE7A52AD495A400EDAD11 /* Views */,
				202D55CD2AD357D800D2C312 /* Application */,
				2083E2982AEBACDA0058B91A /* TabBarBabyProfileController */,
				202D55CC2AD357B900D2C312 /* TabBarController */,
				205FEFE62AE95C3C00F129B8 /* SettingProfile */,
				202D55CB2AD3579C00D2C312 /* ViewController */,
				202D559E2AD3545200D2C312 /* Assets.xcassets */,
				202D55A02AD3545200D2C312 /* LaunchScreen.storyboard */,
				202D55A32AD3545200D2C312 /* Info.plist */,
			);
			path = KinopoiskCloneAPI;
			sourceTree = "<group>";
		};
		202D55CB2AD3579C00D2C312 /* ViewController */ = {
			isa = PBXGroup;
			children = (
				20C97F7B2AFDA02800EE5232 /* MyMediaVC */,
				20C97F5B2AFAE68E00EE5232 /* HeaderSuplementaryView.swift */,
				20C97F632AFC4AB100EE5232 /* MyMoviesVC */,
				20C97F582AFAE3F000EE5232 /* SearchSettingVC */,
				2083E2992AEBAD2D0058B91A /* BabyProfileControllers */,
				207BE7AF2AD4979C00EDAD11 /* General */,
				202D55992AD3545000D2C312 /* HomeViewController.swift */,
				207BE7E82AD7331500EDAD11 /* MediaViewController.swift */,
				207BE7E42AD719E400EDAD11 /* MyMoviesViewController.swift */,
				202D55D02AD3589900D2C312 /* SearchViewController.swift */,
				207BE7E62AD71ED000EDAD11 /* ProfileViewController.swift */,
			);
			path = ViewController;
			sourceTree = "<group>";
		};
		202D55CC2AD357B900D2C312 /* TabBarController */ = {
			isa = PBXGroup;
			children = (
				202D55C92AD3575900D2C312 /* TabBarController.swift */,
				20ECFE062ADE4EB900ABF934 /* TTNavigationBar.swift */,
			);
			path = TabBarController;
			sourceTree = "<group>";
		};
		202D55CD2AD357D800D2C312 /* Application */ = {
			isa = PBXGroup;
			children = (
				202D55952AD3545000D2C312 /* AppDelegate.swift */,
				202D55972AD3545000D2C312 /* SceneDelegate.swift */,
				2082E3842B041B260027EA42 /* AnimeViewController.swift */,
			);
			path = Application;
			sourceTree = "<group>";
		};
		205FEFC92AE70BB100F129B8 /* NextSettingTableViewCell */ = {
			isa = PBXGroup;
			children = (
				20ECFE002ADD543C00ABF934 /* SettingNextProfileVC.swift */,
				205FEFCC2AE70C4B00F129B8 /* SettingNextProfileVC */,
				205FEFCA2AE70C1500F129B8 /* NextSettingTapTableview.swift */,
			);
			path = NextSettingTableViewCell;
			sourceTree = "<group>";
		};
		205FEFCC2AE70C4B00F129B8 /* SettingNextProfileVC */ = {
			isa = PBXGroup;
			children = (
				20ECFE0B2AE1B73500ABF934 /* SettingTableViewCell.swift */,
				20ECFE0D2AE1B75E00ABF934 /* SwitchTableViewCell.swift */,
				205FEFC72AE6806700F129B8 /* ButtonTableViewSetting.swift */,
			);
			path = SettingNextProfileVC;
			sourceTree = "<group>";
		};
		205FEFCD2AE70CC200F129B8 /* SettingChatWithSupport */ = {
			isa = PBXGroup;
			children = (
				20ECFE022ADD54C400ABF934 /* ChatWithSupportVC.swift */,
			);
			path = SettingChatWithSupport;
			sourceTree = "<group>";
		};
		205FEFCF2AE70D7E00F129B8 /* SettingAboutTheApplication */ = {
			isa = PBXGroup;
			children = (
				205FEFD02AE70DBE00F129B8 /* AboutTheApplicationVC */,
			);
			path = SettingAboutTheApplication;
			sourceTree = "<group>";
		};
		205FEFD02AE70DBE00F129B8 /* AboutTheApplicationVC */ = {
			isa = PBXGroup;
			children = (
				20ECFE042ADD553000ABF934 /* AboutTheApplicationVC.swift */,
				205FEFD72AE8199F00F129B8 /* NextAboutTheApplication */,
			);
			path = AboutTheApplicationVC;
			sourceTree = "<group>";
		};
		205FEFD72AE8199F00F129B8 /* NextAboutTheApplication */ = {
			isa = PBXGroup;
			children = (
				205FEFD82AE81A3400F129B8 /* LicenzeAboutVC.swift */,
				205FEFDA2AE81A4F00F129B8 /* ReccomendeAboutVC.swift */,
				205FEFDC2AE81A8B00F129B8 /* ViewingConditionsAboutVC.swift */,
				205FEFDE2AE81B2200F129B8 /* PoliticConfidentialAboutVc.swift */,
				205FEFE02AE81B5400F129B8 /* ReferenceAboutVC.swift */,
				205FEFE22AE81B9400F129B8 /* LikeApplicationAboutVC.swift */,
				205FEFE42AE81BBB00F129B8 /* RecomMyFriendsAboutVC.swift */,
			);
			path = NextAboutTheApplication;
			sourceTree = "<group>";
		};
		205FEFE62AE95C3C00F129B8 /* SettingProfile */ = {
			isa = PBXGroup;
			children = (
				205FEFE72AE95CC900F129B8 /* BasicProfileSettings */,
				20ECFDFF2ADD53F600ABF934 /* SettingNextProfileVC */,
			);
			path = SettingProfile;
			sourceTree = "<group>";
		};
		205FEFE72AE95CC900F129B8 /* BasicProfileSettings */ = {
			isa = PBXGroup;
			children = (
				2083E2892AEBA2900058B91A /* SettingBabyProfile12+ */,
				2083E2842AEA7A9E0058B91A /* SettingEditProfileManagement */,
				2083E2832AEA7A2C0058B91A /* SettingBanTap */,
				2083E28C2AEBA4CB0058B91A /* YouPlusProf */,
				2083E28F2AEBA6330058B91A /* PlusDeyliSetProf */,
				2083E2922AEBA7E90058B91A /* GetPointsSeyProf */,
				2083E2952AEBAB6C0058B91A /* EnterPromotionalCode */,
			);
			path = BasicProfileSettings;
			sourceTree = "<group>";
		};
		207BE7A52AD495A400EDAD11 /* Views */ = {
			isa = PBXGroup;
			children = (
				207BE7A62AD495C900EDAD11 /* CollectionViewTableViewCell.swift */,
				207BE7AB2AD4970800EDAD11 /* HeroHeaderUIView.swift */,
				207BE7AD2AD4975000EDAD11 /* TitleCollectionViewCell.swift */,
				207BE7BE2AD49C1000EDAD11 /* TitleTableViewCell.swift */,
				20ECFDDA2ADC824A00ABF934 /* SettingProfileTableViewCell.swift */,
				205FEFD32AE7153E00F129B8 /* SettingNextTableView.swift */,
				205FEFD52AE7E0C100F129B8 /* AboutSettingProfileTableView.swift */,
			);
			path = Views;
			sourceTree = "<group>";
		};
		207BE7A82AD496B400EDAD11 /* Model */ = {
			isa = PBXGroup;
			children = (
				207BE7A92AD496CA00EDAD11 /* Model.swift */,
				207BE7B22AD4980800EDAD11 /* TitleViewModel.swift */,
				207BE7B42AD4984300EDAD11 /* TitlePreviewViewModel.swift */,
				207BE7B62AD4986C00EDAD11 /* YoutubeSearchResponse.swift */,
				20C97F592AFAE66800EE5232 /* ModelDataSearch.swift */,
				20C97F6C2AFC4B5900EE5232 /* ModelMyMovies.swift */,
				20C97F7C2AFDA05000EE5232 /* ModelDataMedia.swift */,
			);
			path = Model;
			sourceTree = "<group>";
		};
		207BE7AF2AD4979C00EDAD11 /* General */ = {
			isa = PBXGroup;
			children = (
				2082E3862B0421670027EA42 /* HomeVCTopCollectionView */,
				207BE7B02AD497AD00EDAD11 /* TitlePreviewViewController.swift */,
				207BE7C02AD49CAC00EDAD11 /* SearchResultsViewController.swift */,
				207B618C2ADA8A8A0092827D /* ProfileUIView.swift */,
			);
			path = General;
			sourceTree = "<group>";
		};
		207BE7B82AD4992F00EDAD11 /* Extension */ = {
			isa = PBXGroup;
			children = (
				207BE7B92AD4994B00EDAD11 /* Extension.swift */,
			);
			path = Extension;
			sourceTree = "<group>";
		};
		207BE7BB2AD4998F00EDAD11 /* Manager */ = {
			isa = PBXGroup;
			children = (
				207EC9712B153589002D20E0 /* APICaller.swift */,
			);
			path = Manager;
			sourceTree = "<group>";
		};
		2082E3862B0421670027EA42 /* HomeVCTopCollectionView */ = {
			isa = PBXGroup;
			children = (
				2082E3872B04218E0027EA42 /* HorizontalMenuCollectionView.swift */,
				2082E3892B0421A90027EA42 /* HorizontalMenuCollectionViewCell.swift */,
			);
			path = HomeVCTopCollectionView;
			sourceTree = "<group>";
		};
		2083E2832AEA7A2C0058B91A /* SettingBanTap */ = {
			isa = PBXGroup;
			children = (
				205FEFE82AE95D3E00F129B8 /* BanTapSettingProfile.swift */,
				2083E27D2AEA6ADC0058B91A /* GalleryCollectionView.swift */,
				2083E27F2AEA6B000058B91A /* GalleryCollectionViewCell.swift */,
				2083E2812AEA6B170058B91A /* ModelBaby.swift */,
			);
			path = SettingBanTap;
			sourceTree = "<group>";
		};
		2083E2842AEA7A9E0058B91A /* SettingEditProfileManagement */ = {
			isa = PBXGroup;
			children = (
				2083E2852AEA7CE60058B91A /* SettingProfileManagement.swift */,
				2083E2872AEAA3BC0058B91A /* SettingBabyProfile.swift */,
			);
			path = SettingEditProfileManagement;
			sourceTree = "<group>";
		};
		2083E2892AEBA2900058B91A /* SettingBabyProfile12+ */ = {
			isa = PBXGroup;
			children = (
				2083E28A2AEBA2D90058B91A /* SettingBabyProf12+.swift */,
			);
			path = "SettingBabyProfile12+";
			sourceTree = "<group>";
		};
		2083E28C2AEBA4CB0058B91A /* YouPlusProf */ = {
			isa = PBXGroup;
			children = (
				2083E28D2AEBA50D0058B91A /* YouPlusSettProf.swift */,
			);
			path = YouPlusProf;
			sourceTree = "<group>";
		};
		2083E28F2AEBA6330058B91A /* PlusDeyliSetProf */ = {
			isa = PBXGroup;
			children = (
				2083E2902AEBA6700058B91A /* PlusDeyliSetProf.swift */,
			);
			path = PlusDeyliSetProf;
			sourceTree = "<group>";
		};
		2083E2922AEBA7E90058B91A /* GetPointsSeyProf */ = {
			isa = PBXGroup;
			children = (
				2083E2932AEBA8240058B91A /* GetPointsSeyProf.swift */,
			);
			path = GetPointsSeyProf;
			sourceTree = "<group>";
		};
		2083E2952AEBAB6C0058B91A /* EnterPromotionalCode */ = {
			isa = PBXGroup;
			children = (
				2083E2962AEBABB70058B91A /* EnterPromotionalCodeVC.swift */,
			);
			path = EnterPromotionalCode;
			sourceTree = "<group>";
		};
		2083E2982AEBACDA0058B91A /* TabBarBabyProfileController */ = {
			isa = PBXGroup;
			children = (
				2083E29A2AEBAD6A0058B91A /* TabBarBabyProfile.swift */,
			);
			path = TabBarBabyProfileController;
			sourceTree = "<group>";
		};
		2083E2992AEBAD2D0058B91A /* BabyProfileControllers */ = {
			isa = PBXGroup;
			children = (
				2083E2A42AEBBB8E0058B91A /* BabySearchTableViewCell */,
				2083E29C2AEBADD10058B91A /* HomeBabyController.swift */,
				2083E29E2AEBADFA0058B91A /* MyMoviesBabyController.swift */,
				2083E2A02AEBAE100058B91A /* MySearchBabyController.swift */,
				2083E2A22AEBAE2C0058B91A /* Profile12BabyController.swift */,
			);
			path = BabyProfileControllers;
			sourceTree = "<group>";
		};
		2083E2A42AEBBB8E0058B91A /* BabySearchTableViewCell */ = {
			isa = PBXGroup;
			children = (
				2083E2A52AEBBBBB0058B91A /* BabySearchTableViewCell.swift */,
			);
			path = BabySearchTableViewCell;
			sourceTree = "<group>";
		};
		20C97F582AFAE3F000EE5232 /* SearchSettingVC */ = {
			isa = PBXGroup;
			children = (
				20C97F612AFAE6E300EE5232 /* SaleCollectionViewCell.swift */,
				20C97F5F2AFAE6C300EE5232 /* CategoryCollectionViewCell.swift */,
				20C97F5D2AFAE6A500EE5232 /* ExampleCollectionViewCell.swift */,
			);
			path = SearchSettingVC;
			sourceTree = "<group>";
		};
		20C97F632AFC4AB100EE5232 /* MyMoviesVC */ = {
			isa = PBXGroup;
			children = (
				20C97F642AFC4AE600EE5232 /* OneCollectionViewCell.swift */,
				20C97F662AFC4AFF00EE5232 /* TwoCategoryCollectionViewCell.swift */,
				20C97F682AFC4B1B00EE5232 /* ThreeExampleCollectionViewCell.swift */,
			);
			path = MyMoviesVC;
			sourceTree = "<group>";
		};
		20C97F7B2AFDA02800EE5232 /* MyMediaVC */ = {
			isa = PBXGroup;
			children = (
				20C97F7E2AFDA46800EE5232 /* SalessCollectionViewCell.swift */,
				20C97F802AFDA48400EE5232 /* MediaCollectionViewCell.swift */,
				20C97F822AFDA49D00EE5232 /* ExclusiveCollectionViewCell.swift */,
				20C97F842AFDA4C000EE5232 /* CreateGraphikSectionCollectionView.swift */,
				20C97F862AFDA4D700EE5232 /* TrailerCollectionView.swift */,
			);
			path = MyMediaVC;
			sourceTree = "<group>";
		};
		20ECFDFF2ADD53F600ABF934 /* SettingNextProfileVC */ = {
			isa = PBXGroup;
			children = (
				20ECFE0A2AE1B70200ABF934 /* SettingTableview */,
				205FEFCD2AE70CC200F129B8 /* SettingChatWithSupport */,
				205FEFCF2AE70D7E00F129B8 /* SettingAboutTheApplication */,
			);
			path = SettingNextProfileVC;
			sourceTree = "<group>";
		};
		20ECFE0A2AE1B70200ABF934 /* SettingTableview */ = {
			isa = PBXGroup;
			children = (
				205FEFC92AE70BB100F129B8 /* NextSettingTableViewCell */,
			);
			path = SettingTableview;
			sourceTree = "<group>";
		};
/* End PBXGroup section */

/* Begin PBXNativeTarget section */
		202D55912AD3545000D2C312 /* KinopoiskCloneAPI */ = {
			isa = PBXNativeTarget;
			buildConfigurationList = 202D55A62AD3545200D2C312 /* Build configuration list for PBXNativeTarget "KinopoiskCloneAPI" */;
			buildPhases = (
				202D558E2AD3545000D2C312 /* Sources */,
				202D558F2AD3545000D2C312 /* Frameworks */,
				202D55902AD3545000D2C312 /* Resources */,
			);
			buildRules = (
			);
			dependencies = (
			);
			name = KinopoiskCloneAPI;
			packageProductDependencies = (
				202D55D52AD3608100D2C312 /* SDWebImage */,
				207234242B06D3770028DC9A /* SDWebImage */,
				207234262B06D3770028DC9A /* SDWebImageMapKit */,
				207EC9742B153AC1002D20E0 /* SwiftyJSON */,
				207EC9772B153B7F002D20E0 /* Alamofire */,
			);
			productName = KinopoiskCloneAPI;
			productReference = 202D55922AD3545000D2C312 /* KinopoiskCloneAPI.app */;
			productType = "com.apple.product-type.application";
		};
/* End PBXNativeTarget section */

/* Begin PBXProject section */
		202D558A2AD3545000D2C312 /* Project object */ = {
			isa = PBXProject;
			attributes = {
				BuildIndependentTargetsInParallel = 1;
				LastSwiftUpdateCheck = 1500;
				LastUpgradeCheck = 1500;
				TargetAttributes = {
					202D55912AD3545000D2C312 = {
						CreatedOnToolsVersion = 15.0;
					};
				};
			};
			buildConfigurationList = 202D558D2AD3545000D2C312 /* Build configuration list for PBXProject "KinopoiskCloneAPI" */;
			compatibilityVersion = "Xcode 14.0";
			developmentRegion = en;
			hasScannedForEncodings = 0;
			knownRegions = (
				en,
				Base,
			);
			mainGroup = 202D55892AD3545000D2C312;
			packageReferences = (
				202D55D42AD3608100D2C312 /* XCRemoteSwiftPackageReference "SDWebImage" */,
				207EC9732B153AC1002D20E0 /* XCRemoteSwiftPackageReference "SwiftyJSON" */,
				207EC9762B153B7F002D20E0 /* XCRemoteSwiftPackageReference "Alamofire" */,
			);
			productRefGroup = 202D55932AD3545000D2C312 /* Products */;
			projectDirPath = "";
			projectRoot = "";
			targets = (
				202D55912AD3545000D2C312 /* KinopoiskCloneAPI */,
			);
		};
/* End PBXProject section */

/* Begin PBXResourcesBuildPhase section */
		202D55902AD3545000D2C312 /* Resources */ = {
			isa = PBXResourcesBuildPhase;
			buildActionMask = 2147483647;
			files = (
				202D55A22AD3545200D2C312 /* LaunchScreen.storyboard in Resources */,
				202D559F2AD3545200D2C312 /* Assets.xcassets in Resources */,
			);
			runOnlyForDeploymentPostprocessing = 0;
		};
/* End PBXResourcesBuildPhase section */

/* Begin PBXSourcesBuildPhase section */
		202D558E2AD3545000D2C312 /* Sources */ = {
			isa = PBXSourcesBuildPhase;
			buildActionMask = 2147483647;
			files = (
				205FEFCB2AE70C1500F129B8 /* NextSettingTapTableview.swift in Sources */,
				20C97F852AFDA4C000EE5232 /* CreateGraphikSectionCollectionView.swift in Sources */,
				207BE7B52AD4984300EDAD11 /* TitlePreviewViewModel.swift in Sources */,
				205FEFE92AE95D3E00F129B8 /* BanTapSettingProfile.swift in Sources */,
				205FEFD62AE7E0C100F129B8 /* AboutSettingProfileTableView.swift in Sources */,
				207BE7E92AD7331500EDAD11 /* MediaViewController.swift in Sources */,
				20ECFE0C2AE1B73500ABF934 /* SettingTableViewCell.swift in Sources */,
				207EC9722B153589002D20E0 /* APICaller.swift in Sources */,
				207B618D2ADA8A8A0092827D /* ProfileUIView.swift in Sources */,
				202D55D12AD3589900D2C312 /* SearchViewController.swift in Sources */,
				2083E29F2AEBADFA0058B91A /* MyMoviesBabyController.swift in Sources */,
				205FEFDB2AE81A4F00F129B8 /* ReccomendeAboutVC.swift in Sources */,
				2083E29B2AEBAD6A0058B91A /* TabBarBabyProfile.swift in Sources */,
				205FEFE12AE81B5400F129B8 /* ReferenceAboutVC.swift in Sources */,
				2083E2A32AEBAE2D0058B91A /* Profile12BabyController.swift in Sources */,
				205FEFE52AE81BBB00F129B8 /* RecomMyFriendsAboutVC.swift in Sources */,
				20ECFE012ADD543C00ABF934 /* SettingNextProfileVC.swift in Sources */,
				2083E2882AEAA3BC0058B91A /* SettingBabyProfile.swift in Sources */,
				2082E3852B041B260027EA42 /* AnimeViewController.swift in Sources */,
				207BE7AC2AD4970800EDAD11 /* HeroHeaderUIView.swift in Sources */,
				20C97F622AFAE6E300EE5232 /* SaleCollectionViewCell.swift in Sources */,
				207BE7B72AD4986C00EDAD11 /* YoutubeSearchResponse.swift in Sources */,
				205FEFC82AE6806700F129B8 /* ButtonTableViewSetting.swift in Sources */,
				207BE7AA2AD496CA00EDAD11 /* Model.swift in Sources */,
				202D55CA2AD3575900D2C312 /* TabBarController.swift in Sources */,
				207BE7A72AD495C900EDAD11 /* CollectionViewTableViewCell.swift in Sources */,
				207BE7BA2AD4994B00EDAD11 /* Extension.swift in Sources */,
				205FEFDD2AE81A8B00F129B8 /* ViewingConditionsAboutVC.swift in Sources */,
				207BE7AE2AD4975000EDAD11 /* TitleCollectionViewCell.swift in Sources */,
				20C97F7D2AFDA05000EE5232 /* ModelDataMedia.swift in Sources */,
				2083E27E2AEA6ADC0058B91A /* GalleryCollectionView.swift in Sources */,
				2083E2942AEBA8240058B91A /* GetPointsSeyProf.swift in Sources */,
				2083E28E2AEBA50D0058B91A /* YouPlusSettProf.swift in Sources */,
				2082E38A2B0421A90027EA42 /* HorizontalMenuCollectionViewCell.swift in Sources */,
				202D559A2AD3545000D2C312 /* HomeViewController.swift in Sources */,
				207BE7C12AD49CAC00EDAD11 /* SearchResultsViewController.swift in Sources */,
				2083E28B2AEBA2D90058B91A /* SettingBabyProf12+.swift in Sources */,
				207BE7B12AD497AD00EDAD11 /* TitlePreviewViewController.swift in Sources */,
				205FEFE32AE81B9400F129B8 /* LikeApplicationAboutVC.swift in Sources */,
				202D55962AD3545000D2C312 /* AppDelegate.swift in Sources */,
				20C97F5C2AFAE68E00EE5232 /* HeaderSuplementaryView.swift in Sources */,
				2083E2862AEA7CE60058B91A /* SettingProfileManagement.swift in Sources */,
				205FEFD92AE81A3400F129B8 /* LicenzeAboutVC.swift in Sources */,
				20C97F872AFDA4D700EE5232 /* TrailerCollectionView.swift in Sources */,
				205FEFD42AE7153E00F129B8 /* SettingNextTableView.swift in Sources */,
				202D55982AD3545000D2C312 /* SceneDelegate.swift in Sources */,
				20ECFE0E2AE1B75E00ABF934 /* SwitchTableViewCell.swift in Sources */,
				207BE7BF2AD49C1000EDAD11 /* TitleTableViewCell.swift in Sources */,
				20C97F832AFDA49D00EE5232 /* ExclusiveCollectionViewCell.swift in Sources */,
				2083E2A62AEBBBBB0058B91A /* BabySearchTableViewCell.swift in Sources */,
				20ECFE052ADD553000ABF934 /* AboutTheApplicationVC.swift in Sources */,
				20ECFE072ADE4EB900ABF934 /* TTNavigationBar.swift in Sources */,
				20ECFDDB2ADC824A00ABF934 /* SettingProfileTableViewCell.swift in Sources */,
				2083E2912AEBA6700058B91A /* PlusDeyliSetProf.swift in Sources */,
				20C97F602AFAE6C300EE5232 /* CategoryCollectionViewCell.swift in Sources */,
				20C97F6D2AFC4B5900EE5232 /* ModelMyMovies.swift in Sources */,
				2083E2822AEA6B170058B91A /* ModelBaby.swift in Sources */,
				207BE7E72AD71ED000EDAD11 /* ProfileViewController.swift in Sources */,
				20ECFE032ADD54C400ABF934 /* ChatWithSupportVC.swift in Sources */,
				207BE7B32AD4980800EDAD11 /* TitleViewModel.swift in Sources */,
				20C97F672AFC4AFF00EE5232 /* TwoCategoryCollectionViewCell.swift in Sources */,
				205FEFDF2AE81B2200F129B8 /* PoliticConfidentialAboutVc.swift in Sources */,
				2083E2972AEBABB70058B91A /* EnterPromotionalCodeVC.swift in Sources */,
				207BE7E52AD719E400EDAD11 /* MyMoviesViewController.swift in Sources */,
				20C97F692AFC4B1B00EE5232 /* ThreeExampleCollectionViewCell.swift in Sources */,
				2083E2802AEA6B000058B91A /* GalleryCollectionViewCell.swift in Sources */,
				2082E3882B04218E0027EA42 /* HorizontalMenuCollectionView.swift in Sources */,
				20C97F5E2AFAE6A500EE5232 /* ExampleCollectionViewCell.swift in Sources */,
				20C97F5A2AFAE66800EE5232 /* ModelDataSearch.swift in Sources */,
				20C97F812AFDA48400EE5232 /* MediaCollectionViewCell.swift in Sources */,
				2083E29D2AEBADD10058B91A /* HomeBabyController.swift in Sources */,
				2083E2A12AEBAE100058B91A /* MySearchBabyController.swift in Sources */,
				20C97F652AFC4AE600EE5232 /* OneCollectionViewCell.swift in Sources */,
				20C97F7F2AFDA46800EE5232 /* SalessCollectionViewCell.swift in Sources */,
			);
			runOnlyForDeploymentPostprocessing = 0;
		};
/* End PBXSourcesBuildPhase section */

/* Begin PBXVariantGroup section */
		202D55A02AD3545200D2C312 /* LaunchScreen.storyboard */ = {
			isa = PBXVariantGroup;
			children = (
				202D55A12AD3545200D2C312 /* Base */,
			);
			name = LaunchScreen.storyboard;
			sourceTree = "<group>";
		};
/* End PBXVariantGroup section */

/* Begin XCBuildConfiguration section */
		202D55A42AD3545200D2C312 /* Debug */ = {
			isa = XCBuildConfiguration;
			buildSettings = {
				ALWAYS_SEARCH_USER_PATHS = NO;
				ASSETCATALOG_COMPILER_GENERATE_SWIFT_ASSET_SYMBOL_EXTENSIONS = YES;
				CLANG_ANALYZER_NONNULL = YES;
				CLANG_ANALYZER_NUMBER_OBJECT_CONVERSION = YES_AGGRESSIVE;
				CLANG_CXX_LANGUAGE_STANDARD = "gnu++20";
				CLANG_ENABLE_MODULES = YES;
				CLANG_ENABLE_OBJC_ARC = YES;
				CLANG_ENABLE_OBJC_WEAK = YES;
				CLANG_WARN_BLOCK_CAPTURE_AUTORELEASING = YES;
				CLANG_WARN_BOOL_CONVERSION = YES;
				CLANG_WARN_COMMA = YES;
				CLANG_WARN_CONSTANT_CONVERSION = YES;
				CLANG_WARN_DEPRECATED_OBJC_IMPLEMENTATIONS = YES;
				CLANG_WARN_DIRECT_OBJC_ISA_USAGE = YES_ERROR;
				CLANG_WARN_DOCUMENTATION_COMMENTS = YES;
				CLANG_WARN_EMPTY_BODY = YES;
				CLANG_WARN_ENUM_CONVERSION = YES;
				CLANG_WARN_INFINITE_RECURSION = YES;
				CLANG_WARN_INT_CONVERSION = YES;
				CLANG_WARN_NON_LITERAL_NULL_CONVERSION = YES;
				CLANG_WARN_OBJC_IMPLICIT_RETAIN_SELF = YES;
				CLANG_WARN_OBJC_LITERAL_CONVERSION = YES;
				CLANG_WARN_OBJC_ROOT_CLASS = YES_ERROR;
				CLANG_WARN_QUOTED_INCLUDE_IN_FRAMEWORK_HEADER = YES;
				CLANG_WARN_RANGE_LOOP_ANALYSIS = YES;
				CLANG_WARN_STRICT_PROTOTYPES = YES;
				CLANG_WARN_SUSPICIOUS_MOVE = YES;
				CLANG_WARN_UNGUARDED_AVAILABILITY = YES_AGGRESSIVE;
				CLANG_WARN_UNREACHABLE_CODE = YES;
				CLANG_WARN__DUPLICATE_METHOD_MATCH = YES;
				COPY_PHASE_STRIP = NO;
				DEBUG_INFORMATION_FORMAT = dwarf;
				ENABLE_STRICT_OBJC_MSGSEND = YES;
				ENABLE_TESTABILITY = YES;
				ENABLE_USER_SCRIPT_SANDBOXING = YES;
				GCC_C_LANGUAGE_STANDARD = gnu17;
				GCC_DYNAMIC_NO_PIC = NO;
				GCC_NO_COMMON_BLOCKS = YES;
				GCC_OPTIMIZATION_LEVEL = 0;
				GCC_PREPROCESSOR_DEFINITIONS = (
					"DEBUG=1",
					"$(inherited)",
				);
				GCC_WARN_64_TO_32_BIT_CONVERSION = YES;
				GCC_WARN_ABOUT_RETURN_TYPE = YES_ERROR;
				GCC_WARN_UNDECLARED_SELECTOR = YES;
				GCC_WARN_UNINITIALIZED_AUTOS = YES_AGGRESSIVE;
				GCC_WARN_UNUSED_FUNCTION = YES;
				GCC_WARN_UNUSED_VARIABLE = YES;
				IPHONEOS_DEPLOYMENT_TARGET = 17.0;
				LOCALIZATION_PREFERS_STRING_CATALOGS = YES;
				MTL_ENABLE_DEBUG_INFO = INCLUDE_SOURCE;
				MTL_FAST_MATH = YES;
				ONLY_ACTIVE_ARCH = YES;
				SDKROOT = iphoneos;
				SWIFT_ACTIVE_COMPILATION_CONDITIONS = "DEBUG $(inherited)";
				SWIFT_OPTIMIZATION_LEVEL = "-Onone";
			};
			name = Debug;
		};
		202D55A52AD3545200D2C312 /* Release */ = {
			isa = XCBuildConfiguration;
			buildSettings = {
				ALWAYS_SEARCH_USER_PATHS = NO;
				ASSETCATALOG_COMPILER_GENERATE_SWIFT_ASSET_SYMBOL_EXTENSIONS = YES;
				CLANG_ANALYZER_NONNULL = YES;
				CLANG_ANALYZER_NUMBER_OBJECT_CONVERSION = YES_AGGRESSIVE;
				CLANG_CXX_LANGUAGE_STANDARD = "gnu++20";
				CLANG_ENABLE_MODULES = YES;
				CLANG_ENABLE_OBJC_ARC = YES;
				CLANG_ENABLE_OBJC_WEAK = YES;
				CLANG_WARN_BLOCK_CAPTURE_AUTORELEASING = YES;
				CLANG_WARN_BOOL_CONVERSION = YES;
				CLANG_WARN_COMMA = YES;
				CLANG_WARN_CONSTANT_CONVERSION = YES;
				CLANG_WARN_DEPRECATED_OBJC_IMPLEMENTATIONS = YES;
				CLANG_WARN_DIRECT_OBJC_ISA_USAGE = YES_ERROR;
				CLANG_WARN_DOCUMENTATION_COMMENTS = YES;
				CLANG_WARN_EMPTY_BODY = YES;
				CLANG_WARN_ENUM_CONVERSION = YES;
				CLANG_WARN_INFINITE_RECURSION = YES;
				CLANG_WARN_INT_CONVERSION = YES;
				CLANG_WARN_NON_LITERAL_NULL_CONVERSION = YES;
				CLANG_WARN_OBJC_IMPLICIT_RETAIN_SELF = YES;
				CLANG_WARN_OBJC_LITERAL_CONVERSION = YES;
				CLANG_WARN_OBJC_ROOT_CLASS = YES_ERROR;
				CLANG_WARN_QUOTED_INCLUDE_IN_FRAMEWORK_HEADER = YES;
				CLANG_WARN_RANGE_LOOP_ANALYSIS = YES;
				CLANG_WARN_STRICT_PROTOTYPES = YES;
				CLANG_WARN_SUSPICIOUS_MOVE = YES;
				CLANG_WARN_UNGUARDED_AVAILABILITY = YES_AGGRESSIVE;
				CLANG_WARN_UNREACHABLE_CODE = YES;
				CLANG_WARN__DUPLICATE_METHOD_MATCH = YES;
				COPY_PHASE_STRIP = NO;
				DEBUG_INFORMATION_FORMAT = "dwarf-with-dsym";
				ENABLE_NS_ASSERTIONS = NO;
				ENABLE_STRICT_OBJC_MSGSEND = YES;
				ENABLE_USER_SCRIPT_SANDBOXING = YES;
				GCC_C_LANGUAGE_STANDARD = gnu17;
				GCC_NO_COMMON_BLOCKS = YES;
				GCC_WARN_64_TO_32_BIT_CONVERSION = YES;
				GCC_WARN_ABOUT_RETURN_TYPE = YES_ERROR;
				GCC_WARN_UNDECLARED_SELECTOR = YES;
				GCC_WARN_UNINITIALIZED_AUTOS = YES_AGGRESSIVE;
				GCC_WARN_UNUSED_FUNCTION = YES;
				GCC_WARN_UNUSED_VARIABLE = YES;
				IPHONEOS_DEPLOYMENT_TARGET = 17.0;
				LOCALIZATION_PREFERS_STRING_CATALOGS = YES;
				MTL_ENABLE_DEBUG_INFO = NO;
				MTL_FAST_MATH = YES;
				SDKROOT = iphoneos;
				SWIFT_COMPILATION_MODE = wholemodule;
				VALIDATE_PRODUCT = YES;
			};
			name = Release;
		};
		202D55A72AD3545200D2C312 /* Debug */ = {
			isa = XCBuildConfiguration;
			buildSettings = {
				ASSETCATALOG_COMPILER_APPICON_NAME = AppIcon;
				ASSETCATALOG_COMPILER_GLOBAL_ACCENT_COLOR_NAME = AccentColor;
				CODE_SIGN_STYLE = Automatic;
				CURRENT_PROJECT_VERSION = 1;
				DEVELOPMENT_TEAM = W2P9X4349P;
				GENERATE_INFOPLIST_FILE = YES;
				INFOPLIST_FILE = KinopoiskCloneAPI/Info.plist;
				INFOPLIST_KEY_UIApplicationSupportsIndirectInputEvents = YES;
				INFOPLIST_KEY_UILaunchStoryboardName = LaunchScreen;
				INFOPLIST_KEY_UISupportedInterfaceOrientations_iPad = "UIInterfaceOrientationPortrait UIInterfaceOrientationPortraitUpsideDown UIInterfaceOrientationLandscapeLeft UIInterfaceOrientationLandscapeRight";
				INFOPLIST_KEY_UISupportedInterfaceOrientations_iPhone = "UIInterfaceOrientationPortrait UIInterfaceOrientationLandscapeLeft UIInterfaceOrientationLandscapeRight";
				LD_RUNPATH_SEARCH_PATHS = (
					"$(inherited)",
					"@executable_path/Frameworks",
				);
				MARKETING_VERSION = 1.0;
				PRODUCT_BUNDLE_IDENTIFIER = "grinkonikolka-yandex.ru.KinopoiskCloneAPI";
				PRODUCT_NAME = "$(TARGET_NAME)";
				SWIFT_EMIT_LOC_STRINGS = YES;
				SWIFT_VERSION = 5.0;
				TARGETED_DEVICE_FAMILY = "1,2";
			};
			name = Debug;
		};
		202D55A82AD3545200D2C312 /* Release */ = {
			isa = XCBuildConfiguration;
			buildSettings = {
				ASSETCATALOG_COMPILER_APPICON_NAME = AppIcon;
				ASSETCATALOG_COMPILER_GLOBAL_ACCENT_COLOR_NAME = AccentColor;
				CODE_SIGN_STYLE = Automatic;
				CURRENT_PROJECT_VERSION = 1;
				DEVELOPMENT_TEAM = W2P9X4349P;
				GENERATE_INFOPLIST_FILE = YES;
				INFOPLIST_FILE = KinopoiskCloneAPI/Info.plist;
				INFOPLIST_KEY_UIApplicationSupportsIndirectInputEvents = YES;
				INFOPLIST_KEY_UILaunchStoryboardName = LaunchScreen;
				INFOPLIST_KEY_UISupportedInterfaceOrientations_iPad = "UIInterfaceOrientationPortrait UIInterfaceOrientationPortraitUpsideDown UIInterfaceOrientationLandscapeLeft UIInterfaceOrientationLandscapeRight";
				INFOPLIST_KEY_UISupportedInterfaceOrientations_iPhone = "UIInterfaceOrientationPortrait UIInterfaceOrientationLandscapeLeft UIInterfaceOrientationLandscapeRight";
				LD_RUNPATH_SEARCH_PATHS = (
					"$(inherited)",
					"@executable_path/Frameworks",
				);
				MARKETING_VERSION = 1.0;
				PRODUCT_BUNDLE_IDENTIFIER = "grinkonikolka-yandex.ru.KinopoiskCloneAPI";
				PRODUCT_NAME = "$(TARGET_NAME)";
				SWIFT_EMIT_LOC_STRINGS = YES;
				SWIFT_VERSION = 5.0;
				TARGETED_DEVICE_FAMILY = "1,2";
			};
			name = Release;
		};
/* End XCBuildConfiguration section */

/* Begin XCConfigurationList section */
		202D558D2AD3545000D2C312 /* Build configuration list for PBXProject "KinopoiskCloneAPI" */ = {
			isa = XCConfigurationList;
			buildConfigurations = (
				202D55A42AD3545200D2C312 /* Debug */,
				202D55A52AD3545200D2C312 /* Release */,
			);
			defaultConfigurationIsVisible = 0;
			defaultConfigurationName = Release;
		};
		202D55A62AD3545200D2C312 /* Build configuration list for PBXNativeTarget "KinopoiskCloneAPI" */ = {
			isa = XCConfigurationList;
			buildConfigurations = (
				202D55A72AD3545200D2C312 /* Debug */,
				202D55A82AD3545200D2C312 /* Release */,
			);
			defaultConfigurationIsVisible = 0;
			defaultConfigurationName = Release;
		};
/* End XCConfigurationList section */

/* Begin XCRemoteSwiftPackageReference section */
		202D55D42AD3608100D2C312 /* XCRemoteSwiftPackageReference "SDWebImage" */ = {
			isa = XCRemoteSwiftPackageReference;
			repositoryURL = "git@github.com:SDWebImage/SDWebImage.git";
			requirement = {
				kind = upToNextMajorVersion;
				minimumVersion = 5.18.2;
			};
		};
		207EC9732B153AC1002D20E0 /* XCRemoteSwiftPackageReference "SwiftyJSON" */ = {
			isa = XCRemoteSwiftPackageReference;
			repositoryURL = "https://github.com/SwiftyJSON/SwiftyJSON.git";
			requirement = {
				kind = upToNextMajorVersion;
				minimumVersion = 5.0.1;
			};
		};
		207EC9762B153B7F002D20E0 /* XCRemoteSwiftPackageReference "Alamofire" */ = {
			isa = XCRemoteSwiftPackageReference;
			repositoryURL = "https://github.com/Alamofire/Alamofire.git";
			requirement = {
				kind = upToNextMajorVersion;
				minimumVersion = 5.8.1;
			};
		};
/* End XCRemoteSwiftPackageReference section */

/* Begin XCSwiftPackageProductDependency section */
		202D55D52AD3608100D2C312 /* SDWebImage */ = {
			isa = XCSwiftPackageProductDependency;
			package = 202D55D42AD3608100D2C312 /* XCRemoteSwiftPackageReference "SDWebImage" */;
			productName = SDWebImage;
		};
		207234242B06D3770028DC9A /* SDWebImage */ = {
			isa = XCSwiftPackageProductDependency;
			package = 202D55D42AD3608100D2C312 /* XCRemoteSwiftPackageReference "SDWebImage" */;
			productName = SDWebImage;
		};
		207234262B06D3770028DC9A /* SDWebImageMapKit */ = {
			isa = XCSwiftPackageProductDependency;
			package = 202D55D42AD3608100D2C312 /* XCRemoteSwiftPackageReference "SDWebImage" */;
			productName = SDWebImageMapKit;
		};
		207EC9742B153AC1002D20E0 /* SwiftyJSON */ = {
			isa = XCSwiftPackageProductDependency;
			package = 207EC9732B153AC1002D20E0 /* XCRemoteSwiftPackageReference "SwiftyJSON" */;
			productName = SwiftyJSON;
		};
		207EC9772B153B7F002D20E0 /* Alamofire */ = {
			isa = XCSwiftPackageProductDependency;
			package = 207EC9762B153B7F002D20E0 /* XCRemoteSwiftPackageReference "Alamofire" */;
			productName = Alamofire;
		};
/* End XCSwiftPackageProductDependency section */
	};
	rootObject = 202D558A2AD3545000D2C312 /* Project object */;
}
